<Solution>
  <Folder Name="/Doc/">
    <File Path="Estructura.md" />
  </Folder>
  <Folder Name="/Orquestation/">
    <Project Path="Orquestation/Nivaes.App.Cross.Android/Nivaes.App.Cross.Android.AppHost/Nivaes.App.Cross.Android.AppHost.csproj" />
    <Project Path="Orquestation/Nivaes.App.Cross.Android/Nivaes.App.Cross.Android.ServiceDefaults/Nivaes.App.Cross.AppHost.Android.ServiceDefaults.csproj" />
    <Project Path="Orquestation/Nivaes.App.Cross.Web/Nivaes.App.Cross.Web.AppHost/Nivaes.App.Cross.Web.AppHost.csproj" />
    <Project Path="Orquestation/Nivaes.App.Cross.Web/Nivaes.App.Cross.Web.ServiceDefaults/Nivaes.App.Cross.Web.ServiceDefaults.csproj" />
  </Folder>
  <Folder Name="/Samples/">
    <Project Path="samples/Nivaes.App.Cross.Sample.AppKit.MacOS/Nivaes.App.Cross.Sample.AppKit.MacOS.csproj" />
    <Project Path="samples/Nivaes.App.Cross.Sample.Droid/Nivaes.App.Cross.Sample.Droid.csproj">
      <Deploy Solution="Debug|*" />
    </Project>
    <Project Path="samples/Nivaes.App.Cross.Sample.UIKit.iOS/Nivaes.App.Cross.Sample.UIKit.iOS.csproj">
      <Deploy />
    </Project>
    <Project Path="samples/Nivaes.App.Cross.Sample.UIKit.MacCatalyst/Nivaes.App.Cross.Sample.UIKit.MacCatalyst.csproj">
      <Deploy />
    </Project>
    <Project Path="samples/Nivaes.App.Cross.Sample.UIKit/Nivaes.App.Cross.Sample.UIKit.csproj" />
    <Project Path="samples/Nivaes.App.Cross.Sample.Web/Nivaes.App.Cross.Sample.Web.Client/Nivaes.App.Cross.Sample.Web.Client.csproj" />
    <Project Path="samples/Nivaes.App.Cross.Sample.Web/Nivaes.App.Cross.Sample.Web/Nivaes.App.Cross.Sample.Web.csproj" />
    <Project Path="samples/Nivaes.App.Cross.Sample.WinUI/Nivaes.App.Cross.Sample.WinUI.csproj">
      <Platform Project="x64" />
      <Deploy />
    </Project>
    <Project Path="samples/Nivaes.App.Cross.Sample/Nivaes.App.Cross.Sample.csproj" />
  </Folder>
  <Folder Name="/Solution Items/">
    <File Path=".editorconfig" />
    <File Path=".gitattributes" />
    <File Path=".gitignore" />
    <File Path="Directory.Build.props" />
    <File Path="Directory.Build.targets" />
    <File Path="Directory.Packages.props" />
    <File Path="global.json" />
    <File Path="README.md" />
  </Folder>
  <Folder Name="/Solution Items/.github/">
    <File Path=".github/dependabot.yml" />
    <File Path=".github/NuGet.config" />
  </Folder>
  <Folder Name="/Solution Items/.github/builds/">
    <File Path=".github/builds/build_android.yaml" />
    <File Path=".github/builds/build_ios.yaml" />
    <File Path=".github/builds/build_winui.yaml" />
  </Folder>
  <Folder Name="/Solution Items/.github/workflows/">
    <File Path=".github/workflows/build_release.yaml" />
    <File Path=".github/workflows/ci.yaml" />
    <File Path=".github/workflows/delete-old-runs.yaml" />
    <File Path=".github/workflows/publish_release.yaml" />
  </Folder>
  <Folder Name="/Sources/">
    <Project Path="sources/Nivaes.App.Cross.SourceGenerator/Nivaes.App.Cross.SourceGenerator.csproj" />
    <Project Path="sources/Nivaes.App.Cross/Nivaes.App.Cross.csproj" />
  </Folder>
  <Folder Name="/Sources/AppKit/">
    <Project Path="sources/Nivaes.App.Cross.AppKit.SourceGenerator/Nivaes.App.Cross.AppKit.SourceGenerator.csproj" />
    <Project Path="sources/Nivaes.App.Cross.AppKit/Nivaes.App.Cross.AppKit.csproj" />
  </Folder>
  <Folder Name="/Sources/Droid/">
    <Project Path="sources/Nivaes.App.Cross.Droid.SourceGenerator/Nivaes.App.Cross.Droid.SourceGenerator.csproj" />
    <Project Path="sources/Nivaes.App.Cross.Droid/Nivaes.App.Cross.Droid.csproj" />
  </Folder>
  <Folder Name="/Sources/UIKit/">
    <Project Path="sources/Nivaes.App.Cross.UIKit.SourceGenerator/Nivaes.App.Cross.UIKit.SourceGenerator.csproj" />
    <Project Path="sources/Nivaes.App.Cross.UIKit/Nivaes.App.Cross.UIKit.csproj" />
  </Folder>
  <Folder Name="/Sources/UIKit/Blazor/">
    <Project Path="sources/Nivaes.App.Cross.Blazor/Nivaes.App.Cross.Blazor.csproj" Id="734e4e3b-c1a3-4c93-8fc6-3200295d4596" />
  </Folder>
  <Folder Name="/Sources/WinUI/">
    <Project Path="sources/Nivaes.App.Cross.WinUI.SourceGenerator/Nivaes.App.Cross.WinUI.SourceGenerator.csproj" />
    <Project Path="sources/Nivaes.App.Cross.WinUI/Nivaes.App.Cross.WinUI.csproj">
      <Platform Solution="Debug|*" Project="x64" />
    </Project>
  </Folder>
  <Folder Name="/Tools/" />
</Solution>
