
Microsoft Visual Studio Solution File, Format Version 12.00
# Visual Studio Version 16
VisualStudioVersion = 16.0.30404.54
MinimumVisualStudioVersion = 10.0.40219.1
Project("{2150E333-8FDC-42A3-9474-1A3956D46DE8}") = "Sample", "Sample", "{8202DDB8-391D-4470-A64C-036F0BF2A61D}"
EndProject
Project("{2150E333-8FDC-42A3-9474-1A3956D46DE8}") = "Sources", "Sources", "{D1C1BB1C-3D10-4FBF-B57A-428B318846F4}"
EndProject
Project("{2150E333-8FDC-42A3-9474-1A3956D46DE8}") = "UnitTest", "UnitTest", "{C76F789C-444F-4597-BF4B-FF317551320C}"
EndProject
Project("{9A19103F-16F7-4668-BE54-9A1E7A4F7556}") = "Nivaes.App.Cross", "Nivaes.App.Cross\Nivaes.App.Cross.csproj", "{0760352A-6C2D-4F4D-8F9B-05E3FAA74F91}"
EndProject
Project("{2150E333-8FDC-42A3-9474-1A3956D46DE8}") = "Solution Items", "Solution Items", "{61E2C9EB-E11B-44AB-8E83-89559C586D2E}"
	ProjectSection(SolutionItems) = preProject
		.editorconfig = .editorconfig
		.gitattributes = .gitattributes
		.gitignore = .gitignore
		Directory.Build.props = Directory.Build.props
		Directory.Build.targets = Directory.Build.targets
		global.json = global.json
		nuget.config = nuget.config
		README.md = README.md
	EndProjectSection
EndProject
Project("{2150E333-8FDC-42A3-9474-1A3956D46DE8}") = "Mobile", "Mobile", "{A9292F2B-50D9-4B58-8E5C-A3AA83FB4BED}"
EndProject
Project("{2150E333-8FDC-42A3-9474-1A3956D46DE8}") = "Desktop", "Desktop", "{48E19FF0-143D-42C3-8D89-E42EF7A9449D}"
EndProject
Project("{9A19103F-16F7-4668-BE54-9A1E7A4F7556}") = "Nivaes.App.Cross.Mobile.Sample", "Nivaes.App.Cross.Mobile.Sample\Nivaes.App.Cross.Mobile.Sample.csproj", "{34977945-DC28-4055-AE31-AFCB0BE0CDA3}"
EndProject
Project("{FAE04EC0-301F-11D3-BF4B-00C04F79EFBC}") = "Nivaes.App.Cross.Mobile.Droid.Sample", "Nivaes.App.Cross.Mobile.Droid.Sample\Nivaes.App.Cross.Mobile.Droid.Sample.csproj", "{4F920460-8A07-4211-8CF3-4756C84B7813}"
EndProject
Project("{FAE04EC0-301F-11D3-BF4B-00C04F79EFBC}") = "Nivaes.App.Cross.Mobile.iOS.Sample", "Nivaes.App.Cross.Mobile.iOS.Sample\Nivaes.App.Cross.Mobile.iOS.Sample.csproj", "{31951B1C-AE16-43F6-B6E6-DAC9B99EC8B2}"
EndProject
Project("{9A19103F-16F7-4668-BE54-9A1E7A4F7556}") = "Nivaes.App.Cross.UnitTest", "Nivaes.App.Cross.UnitTest\Nivaes.App.Cross.UnitTest.csproj", "{139EBC02-4A35-435B-9AAD-69518BAFB973}"
EndProject
Project("{9A19103F-16F7-4668-BE54-9A1E7A4F7556}") = "Nivaes.App.Cross.Tests", "Nivaes.App.Cross.Tests\Nivaes.App.Cross.Tests.csproj", "{F38B4271-E04F-403A-B430-878ED7CE7971}"
EndProject
Project("{2150E333-8FDC-42A3-9474-1A3956D46DE8}") = "Plugins", "Plugins", "{37E5BBC8-0A0B-46B7-999B-12EB45813AFC}"
EndProject
Project("{9A19103F-16F7-4668-BE54-9A1E7A4F7556}") = "Nivaes.App.Cross.Color", "Plugins\Nivaes.App.Cross.Color\Nivaes.App.Cross.Color.csproj", "{3780CAF9-9919-4605-83BD-2861542F3577}"
EndProject
Project("{9A19103F-16F7-4668-BE54-9A1E7A4F7556}") = "Nivaes.App.Cross.Visibility", "Plugins\Nivaes.App.Cross.Visibility\Nivaes.App.Cross.Visibility.csproj", "{6014FCBF-3463-4EE5-85AA-CA02AA79845E}"
EndProject
Project("{9A19103F-16F7-4668-BE54-9A1E7A4F7556}") = "Nivaes.App.Cross.Color.Droid", "Plugins\Nivaes.App.Cross.Color.Droid\Nivaes.App.Cross.Color.Droid.csproj", "{98BAC508-D1F3-45D4-A7F0-BD3BA3B3EE08}"
EndProject
Project("{9A19103F-16F7-4668-BE54-9A1E7A4F7556}") = "Nivaes.App.Cross.Color.iOS", "Plugins\Nivaes.App.Cross.Color.iOS\Nivaes.App.Cross.Color.iOS.csproj", "{CA38BEA2-089E-4B55-9F08-5CD64115E882}"
EndProject
Project("{9A19103F-16F7-4668-BE54-9A1E7A4F7556}") = "Nivaes.App.Cross.Color.Uap", "Plugins\Nivaes.App.Cross.Color.Uap\Nivaes.App.Cross.Color.Uap.csproj", "{E8267DBD-F92B-41CF-B2B3-377595A8D570}"
EndProject
Project("{9A19103F-16F7-4668-BE54-9A1E7A4F7556}") = "Nivaes.App.Cross.Visibility.Droid", "Plugins\Nivaes.App.Cross.Visibility.Droid\Nivaes.App.Cross.Visibility.Droid.csproj", "{5C40ABC5-02AC-4559-987C-81F0535A1302}"
EndProject
Project("{9A19103F-16F7-4668-BE54-9A1E7A4F7556}") = "Nivaes.App.Cross.Visibility.iOS", "Plugins\Nivaes.App.Cross.Visibility.iOS\Nivaes.App.Cross.Visibility.iOS.csproj", "{4D7FF92F-F42F-4A82-BD2B-425BA985541A}"
EndProject
Project("{9A19103F-16F7-4668-BE54-9A1E7A4F7556}") = "Nivaes.App.Cross.Visibility.Uap", "Plugins\Nivaes.App.Cross.Visibility.Uap\Nivaes.App.Cross.Visibility.Uap.csproj", "{86122301-68CA-480F-91E1-9D588A30046C}"
EndProject
Project("{9A19103F-16F7-4668-BE54-9A1E7A4F7556}") = "Nivaes.App.Cross.iOS", "Nivaes.App.Cross.iOS\Nivaes.App.Cross.iOS.csproj", "{837CE45D-C7F2-4040-91D3-3E2EFAE577D6}"
EndProject
Project("{9A19103F-16F7-4668-BE54-9A1E7A4F7556}") = "Nivaes.App.Cross.Droid", "Nivaes.App.Cross.Droid\Nivaes.App.Cross.Droid.csproj", "{CE579BE4-97E8-4540-9EBD-655E9E96DF57}"
EndProject
Project("{9A19103F-16F7-4668-BE54-9A1E7A4F7556}") = "Nivaes.App.Cross.Uap", "Nivaes.App.Cross.Uap\Nivaes.App.Cross.Uap.csproj", "{19B3D13A-4B7A-4F85-9C80-F2D03102B719}"
EndProject
Project("{9A19103F-16F7-4668-BE54-9A1E7A4F7556}") = "Nivaes.App.Cross.Wpf", "Nivaes.App.Cross.Wpf\Nivaes.App.Cross.Wpf.csproj", "{3A0EB12C-6E33-4188-8DFF-E3510098FD7D}"
EndProject
Project("{9A19103F-16F7-4668-BE54-9A1E7A4F7556}") = "Nivaes.App.Cross.macOS", "Nivaes.App.Cross.macOS\Nivaes.App.Cross.macOS.csproj", "{0D3714C6-171C-403A-B586-8268FE3BDB39}"
EndProject
Project("{9A19103F-16F7-4668-BE54-9A1E7A4F7556}") = "Nivaes.App.Cross.tvOS", "Nivaes.App.Cross.tvOS\Nivaes.App.Cross.tvOS.csproj", "{EBB4109D-9F7D-4BAC-A8C5-0690ABD642BD}"
EndProject
Project("{9A19103F-16F7-4668-BE54-9A1E7A4F7556}") = "Nivaes.App.Cross.Tizen", "Nivaes.App.Cross.Tizen\Nivaes.App.Cross.Tizen.csproj", "{1EA4DFEC-979E-4209-9C9D-C138A1927FD9}"
EndProject
Project("{2150E333-8FDC-42A3-9474-1A3956D46DE8}") = "Watch", "Watch", "{BEC95233-65C7-4812-BA48-97CB40CF67D4}"
EndProject
Project("{9A19103F-16F7-4668-BE54-9A1E7A4F7556}") = "Nivaes.App.Cross.Color.Wpf", "Plugins\Nivaes.App.Cross.Color.Wpf\Nivaes.App.Cross.Color.Wpf.csproj", "{5355F4EA-DBB3-4C4C-B83F-6D6E77EDC0E3}"
EndProject
Project("{9A19103F-16F7-4668-BE54-9A1E7A4F7556}") = "Nivaes.App.Cross.Visibility.Wpf", "Plugins\Nivaes.App.Cross.Visibility.Wpf\Nivaes.App.Cross.Visibility.Wpf.csproj", "{A4D96240-E4D3-4115-9BC1-7DEA8153D4DE}"
EndProject
Project("{9A19103F-16F7-4668-BE54-9A1E7A4F7556}") = "Nivaes.App.Cross.Mobile.Windows.Sample", "Nivaes.App.Cross.Mobile.Windows.Sample\Nivaes.App.Cross.Mobile.Windows.Sample.csproj", "{758AFBD2-C313-4DE6-92FD-A74BD368B7E3}"
EndProject
Project("{FAE04EC0-301F-11D3-BF4B-00C04F79EFBC}") = "Nivaes.App.Cross.Desktop.Windows.Sample", "Nivaes.App.Cross.Desktop.Windows.Sample\Nivaes.App.Cross.Desktop.Windows.Sample.csproj", "{A58A0D7A-97AC-40C0-9FF3-97146C47FDAD}"
EndProject
Project("{2150E333-8FDC-42A3-9474-1A3956D46DE8}") = "Color", "Color", "{AB511A56-6EF3-46D4-80F3-474BDC93968F}"
EndProject
Project("{2150E333-8FDC-42A3-9474-1A3956D46DE8}") = "Visibility", "Visibility", "{534E391F-713D-4E4D-AA92-DE89B2D8D0A5}"
EndProject
Global
	GlobalSection(SolutionConfigurationPlatforms) = preSolution
		Debug|Any CPU = Debug|Any CPU
		Debug|iPhone = Debug|iPhone
		Debug|iPhoneSimulator = Debug|iPhoneSimulator
		Debug|x64 = Debug|x64
		Debug|x86 = Debug|x86
		Release|Any CPU = Release|Any CPU
		Release|iPhone = Release|iPhone
		Release|iPhoneSimulator = Release|iPhoneSimulator
		Release|x64 = Release|x64
		Release|x86 = Release|x86
	EndGlobalSection
	GlobalSection(ProjectConfigurationPlatforms) = postSolution
		{0760352A-6C2D-4F4D-8F9B-05E3FAA74F91}.Debug|Any CPU.ActiveCfg = Debug|Any CPU
		{0760352A-6C2D-4F4D-8F9B-05E3FAA74F91}.Debug|Any CPU.Build.0 = Debug|Any CPU
		{0760352A-6C2D-4F4D-8F9B-05E3FAA74F91}.Debug|iPhone.ActiveCfg = Debug|Any CPU
		{0760352A-6C2D-4F4D-8F9B-05E3FAA74F91}.Debug|iPhone.Build.0 = Debug|Any CPU
		{0760352A-6C2D-4F4D-8F9B-05E3FAA74F91}.Debug|iPhoneSimulator.ActiveCfg = Debug|Any CPU
		{0760352A-6C2D-4F4D-8F9B-05E3FAA74F91}.Debug|iPhoneSimulator.Build.0 = Debug|Any CPU
		{0760352A-6C2D-4F4D-8F9B-05E3FAA74F91}.Debug|x64.ActiveCfg = Debug|Any CPU
		{0760352A-6C2D-4F4D-8F9B-05E3FAA74F91}.Debug|x64.Build.0 = Debug|Any CPU
		{0760352A-6C2D-4F4D-8F9B-05E3FAA74F91}.Debug|x86.ActiveCfg = Debug|Any CPU
		{0760352A-6C2D-4F4D-8F9B-05E3FAA74F91}.Debug|x86.Build.0 = Debug|Any CPU
		{0760352A-6C2D-4F4D-8F9B-05E3FAA74F91}.Release|Any CPU.ActiveCfg = Release|Any CPU
		{0760352A-6C2D-4F4D-8F9B-05E3FAA74F91}.Release|Any CPU.Build.0 = Release|Any CPU
		{0760352A-6C2D-4F4D-8F9B-05E3FAA74F91}.Release|iPhone.ActiveCfg = Release|Any CPU
		{0760352A-6C2D-4F4D-8F9B-05E3FAA74F91}.Release|iPhone.Build.0 = Release|Any CPU
		{0760352A-6C2D-4F4D-8F9B-05E3FAA74F91}.Release|iPhoneSimulator.ActiveCfg = Release|Any CPU
		{0760352A-6C2D-4F4D-8F9B-05E3FAA74F91}.Release|iPhoneSimulator.Build.0 = Release|Any CPU
		{0760352A-6C2D-4F4D-8F9B-05E3FAA74F91}.Release|x64.ActiveCfg = Release|Any CPU
		{0760352A-6C2D-4F4D-8F9B-05E3FAA74F91}.Release|x64.Build.0 = Release|Any CPU
		{0760352A-6C2D-4F4D-8F9B-05E3FAA74F91}.Release|x86.ActiveCfg = Release|Any CPU
		{0760352A-6C2D-4F4D-8F9B-05E3FAA74F91}.Release|x86.Build.0 = Release|Any CPU
		{34977945-DC28-4055-AE31-AFCB0BE0CDA3}.Debug|Any CPU.ActiveCfg = Debug|Any CPU
		{34977945-DC28-4055-AE31-AFCB0BE0CDA3}.Debug|Any CPU.Build.0 = Debug|Any CPU
		{34977945-DC28-4055-AE31-AFCB0BE0CDA3}.Debug|iPhone.ActiveCfg = Debug|Any CPU
		{34977945-DC28-4055-AE31-AFCB0BE0CDA3}.Debug|iPhone.Build.0 = Debug|Any CPU
		{34977945-DC28-4055-AE31-AFCB0BE0CDA3}.Debug|iPhoneSimulator.ActiveCfg = Debug|Any CPU
		{34977945-DC28-4055-AE31-AFCB0BE0CDA3}.Debug|iPhoneSimulator.Build.0 = Debug|Any CPU
		{34977945-DC28-4055-AE31-AFCB0BE0CDA3}.Debug|x64.ActiveCfg = Debug|Any CPU
		{34977945-DC28-4055-AE31-AFCB0BE0CDA3}.Debug|x64.Build.0 = Debug|Any CPU
		{34977945-DC28-4055-AE31-AFCB0BE0CDA3}.Debug|x86.ActiveCfg = Debug|Any CPU
		{34977945-DC28-4055-AE31-AFCB0BE0CDA3}.Debug|x86.Build.0 = Debug|Any CPU
		{34977945-DC28-4055-AE31-AFCB0BE0CDA3}.Release|Any CPU.ActiveCfg = Release|Any CPU
		{34977945-DC28-4055-AE31-AFCB0BE0CDA3}.Release|Any CPU.Build.0 = Release|Any CPU
		{34977945-DC28-4055-AE31-AFCB0BE0CDA3}.Release|iPhone.ActiveCfg = Release|Any CPU
		{34977945-DC28-4055-AE31-AFCB0BE0CDA3}.Release|iPhone.Build.0 = Release|Any CPU
		{34977945-DC28-4055-AE31-AFCB0BE0CDA3}.Release|iPhoneSimulator.ActiveCfg = Release|Any CPU
		{34977945-DC28-4055-AE31-AFCB0BE0CDA3}.Release|iPhoneSimulator.Build.0 = Release|Any CPU
		{34977945-DC28-4055-AE31-AFCB0BE0CDA3}.Release|x64.ActiveCfg = Release|Any CPU
		{34977945-DC28-4055-AE31-AFCB0BE0CDA3}.Release|x64.Build.0 = Release|Any CPU
		{34977945-DC28-4055-AE31-AFCB0BE0CDA3}.Release|x86.ActiveCfg = Release|Any CPU
		{34977945-DC28-4055-AE31-AFCB0BE0CDA3}.Release|x86.Build.0 = Release|Any CPU
		{4F920460-8A07-4211-8CF3-4756C84B7813}.Debug|Any CPU.ActiveCfg = Debug|Any CPU
		{4F920460-8A07-4211-8CF3-4756C84B7813}.Debug|Any CPU.Build.0 = Debug|Any CPU
		{4F920460-8A07-4211-8CF3-4756C84B7813}.Debug|Any CPU.Deploy.0 = Debug|Any CPU
		{4F920460-8A07-4211-8CF3-4756C84B7813}.Debug|iPhone.ActiveCfg = Debug|Any CPU
		{4F920460-8A07-4211-8CF3-4756C84B7813}.Debug|iPhone.Build.0 = Debug|Any CPU
		{4F920460-8A07-4211-8CF3-4756C84B7813}.Debug|iPhone.Deploy.0 = Debug|Any CPU
		{4F920460-8A07-4211-8CF3-4756C84B7813}.Debug|iPhoneSimulator.ActiveCfg = Debug|Any CPU
		{4F920460-8A07-4211-8CF3-4756C84B7813}.Debug|iPhoneSimulator.Build.0 = Debug|Any CPU
		{4F920460-8A07-4211-8CF3-4756C84B7813}.Debug|iPhoneSimulator.Deploy.0 = Debug|Any CPU
		{4F920460-8A07-4211-8CF3-4756C84B7813}.Debug|x64.ActiveCfg = Debug|Any CPU
		{4F920460-8A07-4211-8CF3-4756C84B7813}.Debug|x64.Build.0 = Debug|Any CPU
		{4F920460-8A07-4211-8CF3-4756C84B7813}.Debug|x64.Deploy.0 = Debug|Any CPU
		{4F920460-8A07-4211-8CF3-4756C84B7813}.Debug|x86.ActiveCfg = Debug|Any CPU
		{4F920460-8A07-4211-8CF3-4756C84B7813}.Debug|x86.Build.0 = Debug|Any CPU
		{4F920460-8A07-4211-8CF3-4756C84B7813}.Debug|x86.Deploy.0 = Debug|Any CPU
		{4F920460-8A07-4211-8CF3-4756C84B7813}.Release|Any CPU.ActiveCfg = Release|Any CPU
		{4F920460-8A07-4211-8CF3-4756C84B7813}.Release|Any CPU.Build.0 = Release|Any CPU
		{4F920460-8A07-4211-8CF3-4756C84B7813}.Release|Any CPU.Deploy.0 = Release|Any CPU
		{4F920460-8A07-4211-8CF3-4756C84B7813}.Release|iPhone.ActiveCfg = Release|Any CPU
		{4F920460-8A07-4211-8CF3-4756C84B7813}.Release|iPhone.Build.0 = Release|Any CPU
		{4F920460-8A07-4211-8CF3-4756C84B7813}.Release|iPhone.Deploy.0 = Release|Any CPU
		{4F920460-8A07-4211-8CF3-4756C84B7813}.Release|iPhoneSimulator.ActiveCfg = Release|Any CPU
		{4F920460-8A07-4211-8CF3-4756C84B7813}.Release|iPhoneSimulator.Build.0 = Release|Any CPU
		{4F920460-8A07-4211-8CF3-4756C84B7813}.Release|iPhoneSimulator.Deploy.0 = Release|Any CPU
		{4F920460-8A07-4211-8CF3-4756C84B7813}.Release|x64.ActiveCfg = Release|Any CPU
		{4F920460-8A07-4211-8CF3-4756C84B7813}.Release|x64.Build.0 = Release|Any CPU
		{4F920460-8A07-4211-8CF3-4756C84B7813}.Release|x64.Deploy.0 = Release|Any CPU
		{4F920460-8A07-4211-8CF3-4756C84B7813}.Release|x86.ActiveCfg = Release|Any CPU
		{4F920460-8A07-4211-8CF3-4756C84B7813}.Release|x86.Build.0 = Release|Any CPU
		{4F920460-8A07-4211-8CF3-4756C84B7813}.Release|x86.Deploy.0 = Release|Any CPU
		{31951B1C-AE16-43F6-B6E6-DAC9B99EC8B2}.Debug|Any CPU.ActiveCfg = Debug|iPhone
		{31951B1C-AE16-43F6-B6E6-DAC9B99EC8B2}.Debug|iPhone.ActiveCfg = Debug|iPhone
		{31951B1C-AE16-43F6-B6E6-DAC9B99EC8B2}.Debug|iPhone.Build.0 = Debug|iPhone
		{31951B1C-AE16-43F6-B6E6-DAC9B99EC8B2}.Debug|iPhoneSimulator.ActiveCfg = Debug|iPhoneSimulator
		{31951B1C-AE16-43F6-B6E6-DAC9B99EC8B2}.Debug|iPhoneSimulator.Build.0 = Debug|iPhoneSimulator
		{31951B1C-AE16-43F6-B6E6-DAC9B99EC8B2}.Debug|x64.ActiveCfg = Debug|iPhone
		{31951B1C-AE16-43F6-B6E6-DAC9B99EC8B2}.Debug|x86.ActiveCfg = Debug|iPhone
		{31951B1C-AE16-43F6-B6E6-DAC9B99EC8B2}.Release|Any CPU.ActiveCfg = Release|iPhone
		{31951B1C-AE16-43F6-B6E6-DAC9B99EC8B2}.Release|iPhone.ActiveCfg = Release|iPhone
		{31951B1C-AE16-43F6-B6E6-DAC9B99EC8B2}.Release|iPhone.Build.0 = Release|iPhone
		{31951B1C-AE16-43F6-B6E6-DAC9B99EC8B2}.Release|iPhoneSimulator.ActiveCfg = Release|iPhoneSimulator
		{31951B1C-AE16-43F6-B6E6-DAC9B99EC8B2}.Release|iPhoneSimulator.Build.0 = Release|iPhoneSimulator
		{31951B1C-AE16-43F6-B6E6-DAC9B99EC8B2}.Release|x64.ActiveCfg = Release|iPhone
		{31951B1C-AE16-43F6-B6E6-DAC9B99EC8B2}.Release|x86.ActiveCfg = Release|iPhone
		{139EBC02-4A35-435B-9AAD-69518BAFB973}.Debug|Any CPU.ActiveCfg = Debug|Any CPU
		{139EBC02-4A35-435B-9AAD-69518BAFB973}.Debug|Any CPU.Build.0 = Debug|Any CPU
		{139EBC02-4A35-435B-9AAD-69518BAFB973}.Debug|iPhone.ActiveCfg = Debug|Any CPU
		{139EBC02-4A35-435B-9AAD-69518BAFB973}.Debug|iPhone.Build.0 = Debug|Any CPU
		{139EBC02-4A35-435B-9AAD-69518BAFB973}.Debug|iPhoneSimulator.ActiveCfg = Debug|Any CPU
		{139EBC02-4A35-435B-9AAD-69518BAFB973}.Debug|iPhoneSimulator.Build.0 = Debug|Any CPU
		{139EBC02-4A35-435B-9AAD-69518BAFB973}.Debug|x64.ActiveCfg = Debug|Any CPU
		{139EBC02-4A35-435B-9AAD-69518BAFB973}.Debug|x64.Build.0 = Debug|Any CPU
		{139EBC02-4A35-435B-9AAD-69518BAFB973}.Debug|x86.ActiveCfg = Debug|Any CPU
		{139EBC02-4A35-435B-9AAD-69518BAFB973}.Debug|x86.Build.0 = Debug|Any CPU
		{139EBC02-4A35-435B-9AAD-69518BAFB973}.Release|Any CPU.ActiveCfg = Release|Any CPU
		{139EBC02-4A35-435B-9AAD-69518BAFB973}.Release|Any CPU.Build.0 = Release|Any CPU
		{139EBC02-4A35-435B-9AAD-69518BAFB973}.Release|iPhone.ActiveCfg = Release|Any CPU
		{139EBC02-4A35-435B-9AAD-69518BAFB973}.Release|iPhone.Build.0 = Release|Any CPU
		{139EBC02-4A35-435B-9AAD-69518BAFB973}.Release|iPhoneSimulator.ActiveCfg = Release|Any CPU
		{139EBC02-4A35-435B-9AAD-69518BAFB973}.Release|iPhoneSimulator.Build.0 = Release|Any CPU
		{139EBC02-4A35-435B-9AAD-69518BAFB973}.Release|x64.ActiveCfg = Release|Any CPU
		{139EBC02-4A35-435B-9AAD-69518BAFB973}.Release|x64.Build.0 = Release|Any CPU
		{139EBC02-4A35-435B-9AAD-69518BAFB973}.Release|x86.ActiveCfg = Release|Any CPU
		{139EBC02-4A35-435B-9AAD-69518BAFB973}.Release|x86.Build.0 = Release|Any CPU
		{F38B4271-E04F-403A-B430-878ED7CE7971}.Debug|Any CPU.ActiveCfg = Debug|Any CPU
		{F38B4271-E04F-403A-B430-878ED7CE7971}.Debug|Any CPU.Build.0 = Debug|Any CPU
		{F38B4271-E04F-403A-B430-878ED7CE7971}.Debug|iPhone.ActiveCfg = Debug|Any CPU
		{F38B4271-E04F-403A-B430-878ED7CE7971}.Debug|iPhone.Build.0 = Debug|Any CPU
		{F38B4271-E04F-403A-B430-878ED7CE7971}.Debug|iPhoneSimulator.ActiveCfg = Debug|Any CPU
		{F38B4271-E04F-403A-B430-878ED7CE7971}.Debug|iPhoneSimulator.Build.0 = Debug|Any CPU
		{F38B4271-E04F-403A-B430-878ED7CE7971}.Debug|x64.ActiveCfg = Debug|Any CPU
		{F38B4271-E04F-403A-B430-878ED7CE7971}.Debug|x64.Build.0 = Debug|Any CPU
		{F38B4271-E04F-403A-B430-878ED7CE7971}.Debug|x86.ActiveCfg = Debug|Any CPU
		{F38B4271-E04F-403A-B430-878ED7CE7971}.Debug|x86.Build.0 = Debug|Any CPU
		{F38B4271-E04F-403A-B430-878ED7CE7971}.Release|Any CPU.ActiveCfg = Release|Any CPU
		{F38B4271-E04F-403A-B430-878ED7CE7971}.Release|Any CPU.Build.0 = Release|Any CPU
		{F38B4271-E04F-403A-B430-878ED7CE7971}.Release|iPhone.ActiveCfg = Release|Any CPU
		{F38B4271-E04F-403A-B430-878ED7CE7971}.Release|iPhone.Build.0 = Release|Any CPU
		{F38B4271-E04F-403A-B430-878ED7CE7971}.Release|iPhoneSimulator.ActiveCfg = Release|Any CPU
		{F38B4271-E04F-403A-B430-878ED7CE7971}.Release|iPhoneSimulator.Build.0 = Release|Any CPU
		{F38B4271-E04F-403A-B430-878ED7CE7971}.Release|x64.ActiveCfg = Release|Any CPU
		{F38B4271-E04F-403A-B430-878ED7CE7971}.Release|x64.Build.0 = Release|Any CPU
		{F38B4271-E04F-403A-B430-878ED7CE7971}.Release|x86.ActiveCfg = Release|Any CPU
		{F38B4271-E04F-403A-B430-878ED7CE7971}.Release|x86.Build.0 = Release|Any CPU
		{3780CAF9-9919-4605-83BD-2861542F3577}.Debug|Any CPU.ActiveCfg = Debug|Any CPU
		{3780CAF9-9919-4605-83BD-2861542F3577}.Debug|Any CPU.Build.0 = Debug|Any CPU
		{3780CAF9-9919-4605-83BD-2861542F3577}.Debug|iPhone.ActiveCfg = Debug|Any CPU
		{3780CAF9-9919-4605-83BD-2861542F3577}.Debug|iPhone.Build.0 = Debug|Any CPU
		{3780CAF9-9919-4605-83BD-2861542F3577}.Debug|iPhoneSimulator.ActiveCfg = Debug|Any CPU
		{3780CAF9-9919-4605-83BD-2861542F3577}.Debug|iPhoneSimulator.Build.0 = Debug|Any CPU
		{3780CAF9-9919-4605-83BD-2861542F3577}.Debug|x64.ActiveCfg = Debug|Any CPU
		{3780CAF9-9919-4605-83BD-2861542F3577}.Debug|x64.Build.0 = Debug|Any CPU
		{3780CAF9-9919-4605-83BD-2861542F3577}.Debug|x86.ActiveCfg = Debug|Any CPU
		{3780CAF9-9919-4605-83BD-2861542F3577}.Debug|x86.Build.0 = Debug|Any CPU
		{3780CAF9-9919-4605-83BD-2861542F3577}.Release|Any CPU.ActiveCfg = Release|Any CPU
		{3780CAF9-9919-4605-83BD-2861542F3577}.Release|Any CPU.Build.0 = Release|Any CPU
		{3780CAF9-9919-4605-83BD-2861542F3577}.Release|iPhone.ActiveCfg = Release|Any CPU
		{3780CAF9-9919-4605-83BD-2861542F3577}.Release|iPhone.Build.0 = Release|Any CPU
		{3780CAF9-9919-4605-83BD-2861542F3577}.Release|iPhoneSimulator.ActiveCfg = Release|Any CPU
		{3780CAF9-9919-4605-83BD-2861542F3577}.Release|iPhoneSimulator.Build.0 = Release|Any CPU
		{3780CAF9-9919-4605-83BD-2861542F3577}.Release|x64.ActiveCfg = Release|Any CPU
		{3780CAF9-9919-4605-83BD-2861542F3577}.Release|x64.Build.0 = Release|Any CPU
		{3780CAF9-9919-4605-83BD-2861542F3577}.Release|x86.ActiveCfg = Release|Any CPU
		{3780CAF9-9919-4605-83BD-2861542F3577}.Release|x86.Build.0 = Release|Any CPU
		{6014FCBF-3463-4EE5-85AA-CA02AA79845E}.Debug|Any CPU.ActiveCfg = Debug|Any CPU
		{6014FCBF-3463-4EE5-85AA-CA02AA79845E}.Debug|Any CPU.Build.0 = Debug|Any CPU
		{6014FCBF-3463-4EE5-85AA-CA02AA79845E}.Debug|iPhone.ActiveCfg = Debug|Any CPU
		{6014FCBF-3463-4EE5-85AA-CA02AA79845E}.Debug|iPhone.Build.0 = Debug|Any CPU
		{6014FCBF-3463-4EE5-85AA-CA02AA79845E}.Debug|iPhoneSimulator.ActiveCfg = Debug|Any CPU
		{6014FCBF-3463-4EE5-85AA-CA02AA79845E}.Debug|iPhoneSimulator.Build.0 = Debug|Any CPU
		{6014FCBF-3463-4EE5-85AA-CA02AA79845E}.Debug|x64.ActiveCfg = Debug|Any CPU
		{6014FCBF-3463-4EE5-85AA-CA02AA79845E}.Debug|x64.Build.0 = Debug|Any CPU
		{6014FCBF-3463-4EE5-85AA-CA02AA79845E}.Debug|x86.ActiveCfg = Debug|Any CPU
		{6014FCBF-3463-4EE5-85AA-CA02AA79845E}.Debug|x86.Build.0 = Debug|Any CPU
		{6014FCBF-3463-4EE5-85AA-CA02AA79845E}.Release|Any CPU.ActiveCfg = Release|Any CPU
		{6014FCBF-3463-4EE5-85AA-CA02AA79845E}.Release|Any CPU.Build.0 = Release|Any CPU
		{6014FCBF-3463-4EE5-85AA-CA02AA79845E}.Release|iPhone.ActiveCfg = Release|Any CPU
		{6014FCBF-3463-4EE5-85AA-CA02AA79845E}.Release|iPhone.Build.0 = Release|Any CPU
		{6014FCBF-3463-4EE5-85AA-CA02AA79845E}.Release|iPhoneSimulator.ActiveCfg = Release|Any CPU
		{6014FCBF-3463-4EE5-85AA-CA02AA79845E}.Release|iPhoneSimulator.Build.0 = Release|Any CPU
		{6014FCBF-3463-4EE5-85AA-CA02AA79845E}.Release|x64.ActiveCfg = Release|Any CPU
		{6014FCBF-3463-4EE5-85AA-CA02AA79845E}.Release|x64.Build.0 = Release|Any CPU
		{6014FCBF-3463-4EE5-85AA-CA02AA79845E}.Release|x86.ActiveCfg = Release|Any CPU
		{6014FCBF-3463-4EE5-85AA-CA02AA79845E}.Release|x86.Build.0 = Release|Any CPU
		{98BAC508-D1F3-45D4-A7F0-BD3BA3B3EE08}.Debug|Any CPU.ActiveCfg = Debug|Any CPU
		{98BAC508-D1F3-45D4-A7F0-BD3BA3B3EE08}.Debug|Any CPU.Build.0 = Debug|Any CPU
		{98BAC508-D1F3-45D4-A7F0-BD3BA3B3EE08}.Debug|iPhone.ActiveCfg = Debug|Any CPU
		{98BAC508-D1F3-45D4-A7F0-BD3BA3B3EE08}.Debug|iPhone.Build.0 = Debug|Any CPU
		{98BAC508-D1F3-45D4-A7F0-BD3BA3B3EE08}.Debug|iPhoneSimulator.ActiveCfg = Debug|Any CPU
		{98BAC508-D1F3-45D4-A7F0-BD3BA3B3EE08}.Debug|iPhoneSimulator.Build.0 = Debug|Any CPU
		{98BAC508-D1F3-45D4-A7F0-BD3BA3B3EE08}.Debug|x64.ActiveCfg = Debug|Any CPU
		{98BAC508-D1F3-45D4-A7F0-BD3BA3B3EE08}.Debug|x64.Build.0 = Debug|Any CPU
		{98BAC508-D1F3-45D4-A7F0-BD3BA3B3EE08}.Debug|x86.ActiveCfg = Debug|Any CPU
		{98BAC508-D1F3-45D4-A7F0-BD3BA3B3EE08}.Debug|x86.Build.0 = Debug|Any CPU
		{98BAC508-D1F3-45D4-A7F0-BD3BA3B3EE08}.Release|Any CPU.ActiveCfg = Release|Any CPU
		{98BAC508-D1F3-45D4-A7F0-BD3BA3B3EE08}.Release|Any CPU.Build.0 = Release|Any CPU
		{98BAC508-D1F3-45D4-A7F0-BD3BA3B3EE08}.Release|iPhone.ActiveCfg = Release|Any CPU
		{98BAC508-D1F3-45D4-A7F0-BD3BA3B3EE08}.Release|iPhone.Build.0 = Release|Any CPU
		{98BAC508-D1F3-45D4-A7F0-BD3BA3B3EE08}.Release|iPhoneSimulator.ActiveCfg = Release|Any CPU
		{98BAC508-D1F3-45D4-A7F0-BD3BA3B3EE08}.Release|iPhoneSimulator.Build.0 = Release|Any CPU
		{98BAC508-D1F3-45D4-A7F0-BD3BA3B3EE08}.Release|x64.ActiveCfg = Release|Any CPU
		{98BAC508-D1F3-45D4-A7F0-BD3BA3B3EE08}.Release|x64.Build.0 = Release|Any CPU
		{98BAC508-D1F3-45D4-A7F0-BD3BA3B3EE08}.Release|x86.ActiveCfg = Release|Any CPU
		{98BAC508-D1F3-45D4-A7F0-BD3BA3B3EE08}.Release|x86.Build.0 = Release|Any CPU
		{CA38BEA2-089E-4B55-9F08-5CD64115E882}.Debug|Any CPU.ActiveCfg = Debug|Any CPU
		{CA38BEA2-089E-4B55-9F08-5CD64115E882}.Debug|Any CPU.Build.0 = Debug|Any CPU
		{CA38BEA2-089E-4B55-9F08-5CD64115E882}.Debug|iPhone.ActiveCfg = Debug|Any CPU
		{CA38BEA2-089E-4B55-9F08-5CD64115E882}.Debug|iPhone.Build.0 = Debug|Any CPU
		{CA38BEA2-089E-4B55-9F08-5CD64115E882}.Debug|iPhoneSimulator.ActiveCfg = Debug|Any CPU
		{CA38BEA2-089E-4B55-9F08-5CD64115E882}.Debug|iPhoneSimulator.Build.0 = Debug|Any CPU
		{CA38BEA2-089E-4B55-9F08-5CD64115E882}.Debug|x64.ActiveCfg = Debug|Any CPU
		{CA38BEA2-089E-4B55-9F08-5CD64115E882}.Debug|x64.Build.0 = Debug|Any CPU
		{CA38BEA2-089E-4B55-9F08-5CD64115E882}.Debug|x86.ActiveCfg = Debug|Any CPU
		{CA38BEA2-089E-4B55-9F08-5CD64115E882}.Debug|x86.Build.0 = Debug|Any CPU
		{CA38BEA2-089E-4B55-9F08-5CD64115E882}.Release|Any CPU.ActiveCfg = Release|Any CPU
		{CA38BEA2-089E-4B55-9F08-5CD64115E882}.Release|Any CPU.Build.0 = Release|Any CPU
		{CA38BEA2-089E-4B55-9F08-5CD64115E882}.Release|iPhone.ActiveCfg = Release|Any CPU
		{CA38BEA2-089E-4B55-9F08-5CD64115E882}.Release|iPhone.Build.0 = Release|Any CPU
		{CA38BEA2-089E-4B55-9F08-5CD64115E882}.Release|iPhoneSimulator.ActiveCfg = Release|Any CPU
		{CA38BEA2-089E-4B55-9F08-5CD64115E882}.Release|iPhoneSimulator.Build.0 = Release|Any CPU
		{CA38BEA2-089E-4B55-9F08-5CD64115E882}.Release|x64.ActiveCfg = Release|Any CPU
		{CA38BEA2-089E-4B55-9F08-5CD64115E882}.Release|x64.Build.0 = Release|Any CPU
		{CA38BEA2-089E-4B55-9F08-5CD64115E882}.Release|x86.ActiveCfg = Release|Any CPU
		{CA38BEA2-089E-4B55-9F08-5CD64115E882}.Release|x86.Build.0 = Release|Any CPU
		{E8267DBD-F92B-41CF-B2B3-377595A8D570}.Debug|Any CPU.ActiveCfg = Debug|Any CPU
		{E8267DBD-F92B-41CF-B2B3-377595A8D570}.Debug|Any CPU.Build.0 = Debug|Any CPU
		{E8267DBD-F92B-41CF-B2B3-377595A8D570}.Debug|iPhone.ActiveCfg = Debug|Any CPU
		{E8267DBD-F92B-41CF-B2B3-377595A8D570}.Debug|iPhone.Build.0 = Debug|Any CPU
		{E8267DBD-F92B-41CF-B2B3-377595A8D570}.Debug|iPhoneSimulator.ActiveCfg = Debug|Any CPU
		{E8267DBD-F92B-41CF-B2B3-377595A8D570}.Debug|iPhoneSimulator.Build.0 = Debug|Any CPU
		{E8267DBD-F92B-41CF-B2B3-377595A8D570}.Debug|x64.ActiveCfg = Debug|Any CPU
		{E8267DBD-F92B-41CF-B2B3-377595A8D570}.Debug|x64.Build.0 = Debug|Any CPU
		{E8267DBD-F92B-41CF-B2B3-377595A8D570}.Debug|x86.ActiveCfg = Debug|Any CPU
		{E8267DBD-F92B-41CF-B2B3-377595A8D570}.Debug|x86.Build.0 = Debug|Any CPU
		{E8267DBD-F92B-41CF-B2B3-377595A8D570}.Release|Any CPU.ActiveCfg = Release|Any CPU
		{E8267DBD-F92B-41CF-B2B3-377595A8D570}.Release|Any CPU.Build.0 = Release|Any CPU
		{E8267DBD-F92B-41CF-B2B3-377595A8D570}.Release|iPhone.ActiveCfg = Release|Any CPU
		{E8267DBD-F92B-41CF-B2B3-377595A8D570}.Release|iPhone.Build.0 = Release|Any CPU
		{E8267DBD-F92B-41CF-B2B3-377595A8D570}.Release|iPhoneSimulator.ActiveCfg = Release|Any CPU
		{E8267DBD-F92B-41CF-B2B3-377595A8D570}.Release|iPhoneSimulator.Build.0 = Release|Any CPU
		{E8267DBD-F92B-41CF-B2B3-377595A8D570}.Release|x64.ActiveCfg = Release|Any CPU
		{E8267DBD-F92B-41CF-B2B3-377595A8D570}.Release|x64.Build.0 = Release|Any CPU
		{E8267DBD-F92B-41CF-B2B3-377595A8D570}.Release|x86.ActiveCfg = Release|Any CPU
		{E8267DBD-F92B-41CF-B2B3-377595A8D570}.Release|x86.Build.0 = Release|Any CPU
		{5C40ABC5-02AC-4559-987C-81F0535A1302}.Debug|Any CPU.ActiveCfg = Debug|Any CPU
		{5C40ABC5-02AC-4559-987C-81F0535A1302}.Debug|Any CPU.Build.0 = Debug|Any CPU
		{5C40ABC5-02AC-4559-987C-81F0535A1302}.Debug|iPhone.ActiveCfg = Debug|Any CPU
		{5C40ABC5-02AC-4559-987C-81F0535A1302}.Debug|iPhone.Build.0 = Debug|Any CPU
		{5C40ABC5-02AC-4559-987C-81F0535A1302}.Debug|iPhoneSimulator.ActiveCfg = Debug|Any CPU
		{5C40ABC5-02AC-4559-987C-81F0535A1302}.Debug|iPhoneSimulator.Build.0 = Debug|Any CPU
		{5C40ABC5-02AC-4559-987C-81F0535A1302}.Debug|x64.ActiveCfg = Debug|Any CPU
		{5C40ABC5-02AC-4559-987C-81F0535A1302}.Debug|x64.Build.0 = Debug|Any CPU
		{5C40ABC5-02AC-4559-987C-81F0535A1302}.Debug|x86.ActiveCfg = Debug|Any CPU
		{5C40ABC5-02AC-4559-987C-81F0535A1302}.Debug|x86.Build.0 = Debug|Any CPU
		{5C40ABC5-02AC-4559-987C-81F0535A1302}.Release|Any CPU.ActiveCfg = Release|Any CPU
		{5C40ABC5-02AC-4559-987C-81F0535A1302}.Release|Any CPU.Build.0 = Release|Any CPU
		{5C40ABC5-02AC-4559-987C-81F0535A1302}.Release|iPhone.ActiveCfg = Release|Any CPU
		{5C40ABC5-02AC-4559-987C-81F0535A1302}.Release|iPhone.Build.0 = Release|Any CPU
		{5C40ABC5-02AC-4559-987C-81F0535A1302}.Release|iPhoneSimulator.ActiveCfg = Release|Any CPU
		{5C40ABC5-02AC-4559-987C-81F0535A1302}.Release|iPhoneSimulator.Build.0 = Release|Any CPU
		{5C40ABC5-02AC-4559-987C-81F0535A1302}.Release|x64.ActiveCfg = Release|Any CPU
		{5C40ABC5-02AC-4559-987C-81F0535A1302}.Release|x64.Build.0 = Release|Any CPU
		{5C40ABC5-02AC-4559-987C-81F0535A1302}.Release|x86.ActiveCfg = Release|Any CPU
		{5C40ABC5-02AC-4559-987C-81F0535A1302}.Release|x86.Build.0 = Release|Any CPU
		{4D7FF92F-F42F-4A82-BD2B-425BA985541A}.Debug|Any CPU.ActiveCfg = Debug|Any CPU
		{4D7FF92F-F42F-4A82-BD2B-425BA985541A}.Debug|Any CPU.Build.0 = Debug|Any CPU
		{4D7FF92F-F42F-4A82-BD2B-425BA985541A}.Debug|iPhone.ActiveCfg = Debug|Any CPU
		{4D7FF92F-F42F-4A82-BD2B-425BA985541A}.Debug|iPhone.Build.0 = Debug|Any CPU
		{4D7FF92F-F42F-4A82-BD2B-425BA985541A}.Debug|iPhoneSimulator.ActiveCfg = Debug|Any CPU
		{4D7FF92F-F42F-4A82-BD2B-425BA985541A}.Debug|iPhoneSimulator.Build.0 = Debug|Any CPU
		{4D7FF92F-F42F-4A82-BD2B-425BA985541A}.Debug|x64.ActiveCfg = Debug|Any CPU
		{4D7FF92F-F42F-4A82-BD2B-425BA985541A}.Debug|x64.Build.0 = Debug|Any CPU
		{4D7FF92F-F42F-4A82-BD2B-425BA985541A}.Debug|x86.ActiveCfg = Debug|Any CPU
		{4D7FF92F-F42F-4A82-BD2B-425BA985541A}.Debug|x86.Build.0 = Debug|Any CPU
		{4D7FF92F-F42F-4A82-BD2B-425BA985541A}.Release|Any CPU.ActiveCfg = Release|Any CPU
		{4D7FF92F-F42F-4A82-BD2B-425BA985541A}.Release|Any CPU.Build.0 = Release|Any CPU
		{4D7FF92F-F42F-4A82-BD2B-425BA985541A}.Release|iPhone.ActiveCfg = Release|Any CPU
		{4D7FF92F-F42F-4A82-BD2B-425BA985541A}.Release|iPhone.Build.0 = Release|Any CPU
		{4D7FF92F-F42F-4A82-BD2B-425BA985541A}.Release|iPhoneSimulator.ActiveCfg = Release|Any CPU
		{4D7FF92F-F42F-4A82-BD2B-425BA985541A}.Release|iPhoneSimulator.Build.0 = Release|Any CPU
		{4D7FF92F-F42F-4A82-BD2B-425BA985541A}.Release|x64.ActiveCfg = Release|Any CPU
		{4D7FF92F-F42F-4A82-BD2B-425BA985541A}.Release|x64.Build.0 = Release|Any CPU
		{4D7FF92F-F42F-4A82-BD2B-425BA985541A}.Release|x86.ActiveCfg = Release|Any CPU
		{4D7FF92F-F42F-4A82-BD2B-425BA985541A}.Release|x86.Build.0 = Release|Any CPU
		{86122301-68CA-480F-91E1-9D588A30046C}.Debug|Any CPU.ActiveCfg = Debug|Any CPU
		{86122301-68CA-480F-91E1-9D588A30046C}.Debug|Any CPU.Build.0 = Debug|Any CPU
		{86122301-68CA-480F-91E1-9D588A30046C}.Debug|iPhone.ActiveCfg = Debug|Any CPU
		{86122301-68CA-480F-91E1-9D588A30046C}.Debug|iPhone.Build.0 = Debug|Any CPU
		{86122301-68CA-480F-91E1-9D588A30046C}.Debug|iPhoneSimulator.ActiveCfg = Debug|Any CPU
		{86122301-68CA-480F-91E1-9D588A30046C}.Debug|iPhoneSimulator.Build.0 = Debug|Any CPU
		{86122301-68CA-480F-91E1-9D588A30046C}.Debug|x64.ActiveCfg = Debug|x64
		{86122301-68CA-480F-91E1-9D588A30046C}.Debug|x64.Build.0 = Debug|x64
		{86122301-68CA-480F-91E1-9D588A30046C}.Debug|x86.ActiveCfg = Debug|x86
		{86122301-68CA-480F-91E1-9D588A30046C}.Debug|x86.Build.0 = Debug|x86
		{86122301-68CA-480F-91E1-9D588A30046C}.Release|Any CPU.ActiveCfg = Release|Any CPU
		{86122301-68CA-480F-91E1-9D588A30046C}.Release|Any CPU.Build.0 = Release|Any CPU
		{86122301-68CA-480F-91E1-9D588A30046C}.Release|iPhone.ActiveCfg = Release|Any CPU
		{86122301-68CA-480F-91E1-9D588A30046C}.Release|iPhone.Build.0 = Release|Any CPU
		{86122301-68CA-480F-91E1-9D588A30046C}.Release|iPhoneSimulator.ActiveCfg = Release|Any CPU
		{86122301-68CA-480F-91E1-9D588A30046C}.Release|iPhoneSimulator.Build.0 = Release|Any CPU
		{86122301-68CA-480F-91E1-9D588A30046C}.Release|x64.ActiveCfg = Release|x64
		{86122301-68CA-480F-91E1-9D588A30046C}.Release|x64.Build.0 = Release|x64
		{86122301-68CA-480F-91E1-9D588A30046C}.Release|x86.ActiveCfg = Release|x86
		{86122301-68CA-480F-91E1-9D588A30046C}.Release|x86.Build.0 = Release|x86
		{837CE45D-C7F2-4040-91D3-3E2EFAE577D6}.Debug|Any CPU.ActiveCfg = Debug|Any CPU
		{837CE45D-C7F2-4040-91D3-3E2EFAE577D6}.Debug|Any CPU.Build.0 = Debug|Any CPU
		{837CE45D-C7F2-4040-91D3-3E2EFAE577D6}.Debug|iPhone.ActiveCfg = Debug|Any CPU
		{837CE45D-C7F2-4040-91D3-3E2EFAE577D6}.Debug|iPhone.Build.0 = Debug|Any CPU
		{837CE45D-C7F2-4040-91D3-3E2EFAE577D6}.Debug|iPhoneSimulator.ActiveCfg = Debug|Any CPU
		{837CE45D-C7F2-4040-91D3-3E2EFAE577D6}.Debug|iPhoneSimulator.Build.0 = Debug|Any CPU
		{837CE45D-C7F2-4040-91D3-3E2EFAE577D6}.Debug|x64.ActiveCfg = Debug|Any CPU
		{837CE45D-C7F2-4040-91D3-3E2EFAE577D6}.Debug|x64.Build.0 = Debug|Any CPU
		{837CE45D-C7F2-4040-91D3-3E2EFAE577D6}.Debug|x86.ActiveCfg = Debug|Any CPU
		{837CE45D-C7F2-4040-91D3-3E2EFAE577D6}.Debug|x86.Build.0 = Debug|Any CPU
		{837CE45D-C7F2-4040-91D3-3E2EFAE577D6}.Release|Any CPU.ActiveCfg = Release|Any CPU
		{837CE45D-C7F2-4040-91D3-3E2EFAE577D6}.Release|Any CPU.Build.0 = Release|Any CPU
		{837CE45D-C7F2-4040-91D3-3E2EFAE577D6}.Release|iPhone.ActiveCfg = Release|Any CPU
		{837CE45D-C7F2-4040-91D3-3E2EFAE577D6}.Release|iPhone.Build.0 = Release|Any CPU
		{837CE45D-C7F2-4040-91D3-3E2EFAE577D6}.Release|iPhoneSimulator.ActiveCfg = Release|Any CPU
		{837CE45D-C7F2-4040-91D3-3E2EFAE577D6}.Release|iPhoneSimulator.Build.0 = Release|Any CPU
		{837CE45D-C7F2-4040-91D3-3E2EFAE577D6}.Release|x64.ActiveCfg = Release|Any CPU
		{837CE45D-C7F2-4040-91D3-3E2EFAE577D6}.Release|x64.Build.0 = Release|Any CPU
		{837CE45D-C7F2-4040-91D3-3E2EFAE577D6}.Release|x86.ActiveCfg = Release|Any CPU
		{837CE45D-C7F2-4040-91D3-3E2EFAE577D6}.Release|x86.Build.0 = Release|Any CPU
		{CE579BE4-97E8-4540-9EBD-655E9E96DF57}.Debug|Any CPU.ActiveCfg = Debug|Any CPU
		{CE579BE4-97E8-4540-9EBD-655E9E96DF57}.Debug|Any CPU.Build.0 = Debug|Any CPU
		{CE579BE4-97E8-4540-9EBD-655E9E96DF57}.Debug|iPhone.ActiveCfg = Debug|Any CPU
		{CE579BE4-97E8-4540-9EBD-655E9E96DF57}.Debug|iPhone.Build.0 = Debug|Any CPU
		{CE579BE4-97E8-4540-9EBD-655E9E96DF57}.Debug|iPhoneSimulator.ActiveCfg = Debug|Any CPU
		{CE579BE4-97E8-4540-9EBD-655E9E96DF57}.Debug|iPhoneSimulator.Build.0 = Debug|Any CPU
		{CE579BE4-97E8-4540-9EBD-655E9E96DF57}.Debug|x64.ActiveCfg = Debug|Any CPU
		{CE579BE4-97E8-4540-9EBD-655E9E96DF57}.Debug|x64.Build.0 = Debug|Any CPU
		{CE579BE4-97E8-4540-9EBD-655E9E96DF57}.Debug|x86.ActiveCfg = Debug|Any CPU
		{CE579BE4-97E8-4540-9EBD-655E9E96DF57}.Debug|x86.Build.0 = Debug|Any CPU
		{CE579BE4-97E8-4540-9EBD-655E9E96DF57}.Release|Any CPU.ActiveCfg = Release|Any CPU
		{CE579BE4-97E8-4540-9EBD-655E9E96DF57}.Release|Any CPU.Build.0 = Release|Any CPU
		{CE579BE4-97E8-4540-9EBD-655E9E96DF57}.Release|iPhone.ActiveCfg = Release|Any CPU
		{CE579BE4-97E8-4540-9EBD-655E9E96DF57}.Release|iPhone.Build.0 = Release|Any CPU
		{CE579BE4-97E8-4540-9EBD-655E9E96DF57}.Release|iPhoneSimulator.ActiveCfg = Release|Any CPU
		{CE579BE4-97E8-4540-9EBD-655E9E96DF57}.Release|iPhoneSimulator.Build.0 = Release|Any CPU
		{CE579BE4-97E8-4540-9EBD-655E9E96DF57}.Release|x64.ActiveCfg = Release|Any CPU
		{CE579BE4-97E8-4540-9EBD-655E9E96DF57}.Release|x64.Build.0 = Release|Any CPU
		{CE579BE4-97E8-4540-9EBD-655E9E96DF57}.Release|x86.ActiveCfg = Release|Any CPU
		{CE579BE4-97E8-4540-9EBD-655E9E96DF57}.Release|x86.Build.0 = Release|Any CPU
		{19B3D13A-4B7A-4F85-9C80-F2D03102B719}.Debug|Any CPU.ActiveCfg = Debug|Any CPU
		{19B3D13A-4B7A-4F85-9C80-F2D03102B719}.Debug|Any CPU.Build.0 = Debug|Any CPU
		{19B3D13A-4B7A-4F85-9C80-F2D03102B719}.Debug|iPhone.ActiveCfg = Debug|Any CPU
		{19B3D13A-4B7A-4F85-9C80-F2D03102B719}.Debug|iPhone.Build.0 = Debug|Any CPU
		{19B3D13A-4B7A-4F85-9C80-F2D03102B719}.Debug|iPhoneSimulator.ActiveCfg = Debug|Any CPU
		{19B3D13A-4B7A-4F85-9C80-F2D03102B719}.Debug|iPhoneSimulator.Build.0 = Debug|Any CPU
		{19B3D13A-4B7A-4F85-9C80-F2D03102B719}.Debug|x64.ActiveCfg = Debug|Any CPU
		{19B3D13A-4B7A-4F85-9C80-F2D03102B719}.Debug|x64.Build.0 = Debug|Any CPU
		{19B3D13A-4B7A-4F85-9C80-F2D03102B719}.Debug|x86.ActiveCfg = Debug|Any CPU
		{19B3D13A-4B7A-4F85-9C80-F2D03102B719}.Debug|x86.Build.0 = Debug|Any CPU
		{19B3D13A-4B7A-4F85-9C80-F2D03102B719}.Release|Any CPU.ActiveCfg = Release|Any CPU
		{19B3D13A-4B7A-4F85-9C80-F2D03102B719}.Release|Any CPU.Build.0 = Release|Any CPU
		{19B3D13A-4B7A-4F85-9C80-F2D03102B719}.Release|iPhone.ActiveCfg = Release|Any CPU
		{19B3D13A-4B7A-4F85-9C80-F2D03102B719}.Release|iPhone.Build.0 = Release|Any CPU
		{19B3D13A-4B7A-4F85-9C80-F2D03102B719}.Release|iPhoneSimulator.ActiveCfg = Release|Any CPU
		{19B3D13A-4B7A-4F85-9C80-F2D03102B719}.Release|iPhoneSimulator.Build.0 = Release|Any CPU
		{19B3D13A-4B7A-4F85-9C80-F2D03102B719}.Release|x64.ActiveCfg = Release|Any CPU
		{19B3D13A-4B7A-4F85-9C80-F2D03102B719}.Release|x64.Build.0 = Release|Any CPU
		{19B3D13A-4B7A-4F85-9C80-F2D03102B719}.Release|x86.ActiveCfg = Release|Any CPU
		{19B3D13A-4B7A-4F85-9C80-F2D03102B719}.Release|x86.Build.0 = Release|Any CPU
		{3A0EB12C-6E33-4188-8DFF-E3510098FD7D}.Debug|Any CPU.ActiveCfg = Debug|Any CPU
		{3A0EB12C-6E33-4188-8DFF-E3510098FD7D}.Debug|Any CPU.Build.0 = Debug|Any CPU
		{3A0EB12C-6E33-4188-8DFF-E3510098FD7D}.Debug|iPhone.ActiveCfg = Debug|Any CPU
		{3A0EB12C-6E33-4188-8DFF-E3510098FD7D}.Debug|iPhone.Build.0 = Debug|Any CPU
		{3A0EB12C-6E33-4188-8DFF-E3510098FD7D}.Debug|iPhoneSimulator.ActiveCfg = Debug|Any CPU
		{3A0EB12C-6E33-4188-8DFF-E3510098FD7D}.Debug|iPhoneSimulator.Build.0 = Debug|Any CPU
		{3A0EB12C-6E33-4188-8DFF-E3510098FD7D}.Debug|x64.ActiveCfg = Debug|Any CPU
		{3A0EB12C-6E33-4188-8DFF-E3510098FD7D}.Debug|x64.Build.0 = Debug|Any CPU
		{3A0EB12C-6E33-4188-8DFF-E3510098FD7D}.Debug|x86.ActiveCfg = Debug|Any CPU
		{3A0EB12C-6E33-4188-8DFF-E3510098FD7D}.Debug|x86.Build.0 = Debug|Any CPU
		{3A0EB12C-6E33-4188-8DFF-E3510098FD7D}.Release|Any CPU.ActiveCfg = Release|Any CPU
		{3A0EB12C-6E33-4188-8DFF-E3510098FD7D}.Release|Any CPU.Build.0 = Release|Any CPU
		{3A0EB12C-6E33-4188-8DFF-E3510098FD7D}.Release|iPhone.ActiveCfg = Release|Any CPU
		{3A0EB12C-6E33-4188-8DFF-E3510098FD7D}.Release|iPhone.Build.0 = Release|Any CPU
		{3A0EB12C-6E33-4188-8DFF-E3510098FD7D}.Release|iPhoneSimulator.ActiveCfg = Release|Any CPU
		{3A0EB12C-6E33-4188-8DFF-E3510098FD7D}.Release|iPhoneSimulator.Build.0 = Release|Any CPU
		{3A0EB12C-6E33-4188-8DFF-E3510098FD7D}.Release|x64.ActiveCfg = Release|Any CPU
		{3A0EB12C-6E33-4188-8DFF-E3510098FD7D}.Release|x64.Build.0 = Release|Any CPU
		{3A0EB12C-6E33-4188-8DFF-E3510098FD7D}.Release|x86.ActiveCfg = Release|Any CPU
		{3A0EB12C-6E33-4188-8DFF-E3510098FD7D}.Release|x86.Build.0 = Release|Any CPU
		{0D3714C6-171C-403A-B586-8268FE3BDB39}.Debug|Any CPU.ActiveCfg = Debug|Any CPU
		{0D3714C6-171C-403A-B586-8268FE3BDB39}.Debug|Any CPU.Build.0 = Debug|Any CPU
		{0D3714C6-171C-403A-B586-8268FE3BDB39}.Debug|iPhone.ActiveCfg = Debug|Any CPU
		{0D3714C6-171C-403A-B586-8268FE3BDB39}.Debug|iPhone.Build.0 = Debug|Any CPU
		{0D3714C6-171C-403A-B586-8268FE3BDB39}.Debug|iPhoneSimulator.ActiveCfg = Debug|Any CPU
		{0D3714C6-171C-403A-B586-8268FE3BDB39}.Debug|iPhoneSimulator.Build.0 = Debug|Any CPU
		{0D3714C6-171C-403A-B586-8268FE3BDB39}.Debug|x64.ActiveCfg = Debug|Any CPU
		{0D3714C6-171C-403A-B586-8268FE3BDB39}.Debug|x64.Build.0 = Debug|Any CPU
		{0D3714C6-171C-403A-B586-8268FE3BDB39}.Debug|x86.ActiveCfg = Debug|Any CPU
		{0D3714C6-171C-403A-B586-8268FE3BDB39}.Debug|x86.Build.0 = Debug|Any CPU
		{0D3714C6-171C-403A-B586-8268FE3BDB39}.Release|Any CPU.ActiveCfg = Release|Any CPU
		{0D3714C6-171C-403A-B586-8268FE3BDB39}.Release|Any CPU.Build.0 = Release|Any CPU
		{0D3714C6-171C-403A-B586-8268FE3BDB39}.Release|iPhone.ActiveCfg = Release|Any CPU
		{0D3714C6-171C-403A-B586-8268FE3BDB39}.Release|iPhone.Build.0 = Release|Any CPU
		{0D3714C6-171C-403A-B586-8268FE3BDB39}.Release|iPhoneSimulator.ActiveCfg = Release|Any CPU
		{0D3714C6-171C-403A-B586-8268FE3BDB39}.Release|iPhoneSimulator.Build.0 = Release|Any CPU
		{0D3714C6-171C-403A-B586-8268FE3BDB39}.Release|x64.ActiveCfg = Release|Any CPU
		{0D3714C6-171C-403A-B586-8268FE3BDB39}.Release|x64.Build.0 = Release|Any CPU
		{0D3714C6-171C-403A-B586-8268FE3BDB39}.Release|x86.ActiveCfg = Release|Any CPU
		{0D3714C6-171C-403A-B586-8268FE3BDB39}.Release|x86.Build.0 = Release|Any CPU
		{EBB4109D-9F7D-4BAC-A8C5-0690ABD642BD}.Debug|Any CPU.ActiveCfg = Debug|Any CPU
		{EBB4109D-9F7D-4BAC-A8C5-0690ABD642BD}.Debug|Any CPU.Build.0 = Debug|Any CPU
		{EBB4109D-9F7D-4BAC-A8C5-0690ABD642BD}.Debug|iPhone.ActiveCfg = Debug|Any CPU
		{EBB4109D-9F7D-4BAC-A8C5-0690ABD642BD}.Debug|iPhone.Build.0 = Debug|Any CPU
		{EBB4109D-9F7D-4BAC-A8C5-0690ABD642BD}.Debug|iPhoneSimulator.ActiveCfg = Debug|Any CPU
		{EBB4109D-9F7D-4BAC-A8C5-0690ABD642BD}.Debug|iPhoneSimulator.Build.0 = Debug|Any CPU
		{EBB4109D-9F7D-4BAC-A8C5-0690ABD642BD}.Debug|x64.ActiveCfg = Debug|Any CPU
		{EBB4109D-9F7D-4BAC-A8C5-0690ABD642BD}.Debug|x64.Build.0 = Debug|Any CPU
		{EBB4109D-9F7D-4BAC-A8C5-0690ABD642BD}.Debug|x86.ActiveCfg = Debug|Any CPU
		{EBB4109D-9F7D-4BAC-A8C5-0690ABD642BD}.Debug|x86.Build.0 = Debug|Any CPU
		{EBB4109D-9F7D-4BAC-A8C5-0690ABD642BD}.Release|Any CPU.ActiveCfg = Release|Any CPU
		{EBB4109D-9F7D-4BAC-A8C5-0690ABD642BD}.Release|Any CPU.Build.0 = Release|Any CPU
		{EBB4109D-9F7D-4BAC-A8C5-0690ABD642BD}.Release|iPhone.ActiveCfg = Release|Any CPU
		{EBB4109D-9F7D-4BAC-A8C5-0690ABD642BD}.Release|iPhone.Build.0 = Release|Any CPU
		{EBB4109D-9F7D-4BAC-A8C5-0690ABD642BD}.Release|iPhoneSimulator.ActiveCfg = Release|Any CPU
		{EBB4109D-9F7D-4BAC-A8C5-0690ABD642BD}.Release|iPhoneSimulator.Build.0 = Release|Any CPU
		{EBB4109D-9F7D-4BAC-A8C5-0690ABD642BD}.Release|x64.ActiveCfg = Release|Any CPU
		{EBB4109D-9F7D-4BAC-A8C5-0690ABD642BD}.Release|x64.Build.0 = Release|Any CPU
		{EBB4109D-9F7D-4BAC-A8C5-0690ABD642BD}.Release|x86.ActiveCfg = Release|Any CPU
		{EBB4109D-9F7D-4BAC-A8C5-0690ABD642BD}.Release|x86.Build.0 = Release|Any CPU
		{1EA4DFEC-979E-4209-9C9D-C138A1927FD9}.Debug|Any CPU.ActiveCfg = Debug|Any CPU
		{1EA4DFEC-979E-4209-9C9D-C138A1927FD9}.Debug|Any CPU.Build.0 = Debug|Any CPU
		{1EA4DFEC-979E-4209-9C9D-C138A1927FD9}.Debug|iPhone.ActiveCfg = Debug|Any CPU
		{1EA4DFEC-979E-4209-9C9D-C138A1927FD9}.Debug|iPhone.Build.0 = Debug|Any CPU
		{1EA4DFEC-979E-4209-9C9D-C138A1927FD9}.Debug|iPhoneSimulator.ActiveCfg = Debug|Any CPU
		{1EA4DFEC-979E-4209-9C9D-C138A1927FD9}.Debug|iPhoneSimulator.Build.0 = Debug|Any CPU
		{1EA4DFEC-979E-4209-9C9D-C138A1927FD9}.Debug|x64.ActiveCfg = Debug|Any CPU
		{1EA4DFEC-979E-4209-9C9D-C138A1927FD9}.Debug|x64.Build.0 = Debug|Any CPU
		{1EA4DFEC-979E-4209-9C9D-C138A1927FD9}.Debug|x86.ActiveCfg = Debug|Any CPU
		{1EA4DFEC-979E-4209-9C9D-C138A1927FD9}.Debug|x86.Build.0 = Debug|Any CPU
		{1EA4DFEC-979E-4209-9C9D-C138A1927FD9}.Release|Any CPU.ActiveCfg = Release|Any CPU
		{1EA4DFEC-979E-4209-9C9D-C138A1927FD9}.Release|Any CPU.Build.0 = Release|Any CPU
		{1EA4DFEC-979E-4209-9C9D-C138A1927FD9}.Release|iPhone.ActiveCfg = Release|Any CPU
		{1EA4DFEC-979E-4209-9C9D-C138A1927FD9}.Release|iPhone.Build.0 = Release|Any CPU
		{1EA4DFEC-979E-4209-9C9D-C138A1927FD9}.Release|iPhoneSimulator.ActiveCfg = Release|Any CPU
		{1EA4DFEC-979E-4209-9C9D-C138A1927FD9}.Release|iPhoneSimulator.Build.0 = Release|Any CPU
		{1EA4DFEC-979E-4209-9C9D-C138A1927FD9}.Release|x64.ActiveCfg = Release|Any CPU
		{1EA4DFEC-979E-4209-9C9D-C138A1927FD9}.Release|x64.Build.0 = Release|Any CPU
		{1EA4DFEC-979E-4209-9C9D-C138A1927FD9}.Release|x86.ActiveCfg = Release|Any CPU
		{1EA4DFEC-979E-4209-9C9D-C138A1927FD9}.Release|x86.Build.0 = Release|Any CPU
		{5355F4EA-DBB3-4C4C-B83F-6D6E77EDC0E3}.Debug|Any CPU.ActiveCfg = Debug|Any CPU
		{5355F4EA-DBB3-4C4C-B83F-6D6E77EDC0E3}.Debug|Any CPU.Build.0 = Debug|Any CPU
		{5355F4EA-DBB3-4C4C-B83F-6D6E77EDC0E3}.Debug|iPhone.ActiveCfg = Debug|Any CPU
		{5355F4EA-DBB3-4C4C-B83F-6D6E77EDC0E3}.Debug|iPhone.Build.0 = Debug|Any CPU
		{5355F4EA-DBB3-4C4C-B83F-6D6E77EDC0E3}.Debug|iPhoneSimulator.ActiveCfg = Debug|Any CPU
		{5355F4EA-DBB3-4C4C-B83F-6D6E77EDC0E3}.Debug|iPhoneSimulator.Build.0 = Debug|Any CPU
		{5355F4EA-DBB3-4C4C-B83F-6D6E77EDC0E3}.Debug|x64.ActiveCfg = Debug|x64
		{5355F4EA-DBB3-4C4C-B83F-6D6E77EDC0E3}.Debug|x64.Build.0 = Debug|x64
		{5355F4EA-DBB3-4C4C-B83F-6D6E77EDC0E3}.Debug|x86.ActiveCfg = Debug|x86
		{5355F4EA-DBB3-4C4C-B83F-6D6E77EDC0E3}.Debug|x86.Build.0 = Debug|x86
		{5355F4EA-DBB3-4C4C-B83F-6D6E77EDC0E3}.Release|Any CPU.ActiveCfg = Release|Any CPU
		{5355F4EA-DBB3-4C4C-B83F-6D6E77EDC0E3}.Release|Any CPU.Build.0 = Release|Any CPU
		{5355F4EA-DBB3-4C4C-B83F-6D6E77EDC0E3}.Release|iPhone.ActiveCfg = Release|Any CPU
		{5355F4EA-DBB3-4C4C-B83F-6D6E77EDC0E3}.Release|iPhone.Build.0 = Release|Any CPU
		{5355F4EA-DBB3-4C4C-B83F-6D6E77EDC0E3}.Release|iPhoneSimulator.ActiveCfg = Release|Any CPU
		{5355F4EA-DBB3-4C4C-B83F-6D6E77EDC0E3}.Release|iPhoneSimulator.Build.0 = Release|Any CPU
		{5355F4EA-DBB3-4C4C-B83F-6D6E77EDC0E3}.Release|x64.ActiveCfg = Release|x64
		{5355F4EA-DBB3-4C4C-B83F-6D6E77EDC0E3}.Release|x64.Build.0 = Release|x64
		{5355F4EA-DBB3-4C4C-B83F-6D6E77EDC0E3}.Release|x86.ActiveCfg = Release|x86
		{5355F4EA-DBB3-4C4C-B83F-6D6E77EDC0E3}.Release|x86.Build.0 = Release|x86
		{A4D96240-E4D3-4115-9BC1-7DEA8153D4DE}.Debug|Any CPU.ActiveCfg = Debug|Any CPU
		{A4D96240-E4D3-4115-9BC1-7DEA8153D4DE}.Debug|Any CPU.Build.0 = Debug|Any CPU
		{A4D96240-E4D3-4115-9BC1-7DEA8153D4DE}.Debug|iPhone.ActiveCfg = Debug|Any CPU
		{A4D96240-E4D3-4115-9BC1-7DEA8153D4DE}.Debug|iPhone.Build.0 = Debug|Any CPU
		{A4D96240-E4D3-4115-9BC1-7DEA8153D4DE}.Debug|iPhoneSimulator.ActiveCfg = Debug|Any CPU
		{A4D96240-E4D3-4115-9BC1-7DEA8153D4DE}.Debug|iPhoneSimulator.Build.0 = Debug|Any CPU
		{A4D96240-E4D3-4115-9BC1-7DEA8153D4DE}.Debug|x64.ActiveCfg = Debug|x64
		{A4D96240-E4D3-4115-9BC1-7DEA8153D4DE}.Debug|x64.Build.0 = Debug|x64
		{A4D96240-E4D3-4115-9BC1-7DEA8153D4DE}.Debug|x86.ActiveCfg = Debug|x86
		{A4D96240-E4D3-4115-9BC1-7DEA8153D4DE}.Debug|x86.Build.0 = Debug|x86
		{A4D96240-E4D3-4115-9BC1-7DEA8153D4DE}.Release|Any CPU.ActiveCfg = Release|Any CPU
		{A4D96240-E4D3-4115-9BC1-7DEA8153D4DE}.Release|Any CPU.Build.0 = Release|Any CPU
		{A4D96240-E4D3-4115-9BC1-7DEA8153D4DE}.Release|iPhone.ActiveCfg = Release|Any CPU
		{A4D96240-E4D3-4115-9BC1-7DEA8153D4DE}.Release|iPhone.Build.0 = Release|Any CPU
		{A4D96240-E4D3-4115-9BC1-7DEA8153D4DE}.Release|iPhoneSimulator.ActiveCfg = Release|Any CPU
		{A4D96240-E4D3-4115-9BC1-7DEA8153D4DE}.Release|iPhoneSimulator.Build.0 = Release|Any CPU
		{A4D96240-E4D3-4115-9BC1-7DEA8153D4DE}.Release|x64.ActiveCfg = Release|x64
		{A4D96240-E4D3-4115-9BC1-7DEA8153D4DE}.Release|x64.Build.0 = Release|x64
		{A4D96240-E4D3-4115-9BC1-7DEA8153D4DE}.Release|x86.ActiveCfg = Release|x86
		{A4D96240-E4D3-4115-9BC1-7DEA8153D4DE}.Release|x86.Build.0 = Release|x86
		{758AFBD2-C313-4DE6-92FD-A74BD368B7E3}.Debug|Any CPU.ActiveCfg = Debug|x86
		{758AFBD2-C313-4DE6-92FD-A74BD368B7E3}.Debug|iPhone.ActiveCfg = Debug|x86
		{758AFBD2-C313-4DE6-92FD-A74BD368B7E3}.Debug|iPhoneSimulator.ActiveCfg = Debug|x86
		{758AFBD2-C313-4DE6-92FD-A74BD368B7E3}.Debug|x64.ActiveCfg = Debug|x64
		{758AFBD2-C313-4DE6-92FD-A74BD368B7E3}.Debug|x64.Build.0 = Debug|x64
		{758AFBD2-C313-4DE6-92FD-A74BD368B7E3}.Debug|x86.ActiveCfg = Debug|x86
		{758AFBD2-C313-4DE6-92FD-A74BD368B7E3}.Debug|x86.Build.0 = Debug|x86
		{758AFBD2-C313-4DE6-92FD-A74BD368B7E3}.Release|Any CPU.ActiveCfg = Release|x86
		{758AFBD2-C313-4DE6-92FD-A74BD368B7E3}.Release|iPhone.ActiveCfg = Release|x86
		{758AFBD2-C313-4DE6-92FD-A74BD368B7E3}.Release|iPhoneSimulator.ActiveCfg = Release|x86
		{758AFBD2-C313-4DE6-92FD-A74BD368B7E3}.Release|x64.ActiveCfg = Release|x64
		{758AFBD2-C313-4DE6-92FD-A74BD368B7E3}.Release|x64.Build.0 = Release|x64
		{758AFBD2-C313-4DE6-92FD-A74BD368B7E3}.Release|x86.ActiveCfg = Release|x86
		{758AFBD2-C313-4DE6-92FD-A74BD368B7E3}.Release|x86.Build.0 = Release|x86
		{A58A0D7A-97AC-40C0-9FF3-97146C47FDAD}.Debug|Any CPU.ActiveCfg = Debug|Any CPU
		{A58A0D7A-97AC-40C0-9FF3-97146C47FDAD}.Debug|Any CPU.Build.0 = Debug|Any CPU
		{A58A0D7A-97AC-40C0-9FF3-97146C47FDAD}.Debug|iPhone.ActiveCfg = Debug|Any CPU
		{A58A0D7A-97AC-40C0-9FF3-97146C47FDAD}.Debug|iPhone.Build.0 = Debug|Any CPU
		{A58A0D7A-97AC-40C0-9FF3-97146C47FDAD}.Debug|iPhoneSimulator.ActiveCfg = Debug|Any CPU
		{A58A0D7A-97AC-40C0-9FF3-97146C47FDAD}.Debug|iPhoneSimulator.Build.0 = Debug|Any CPU
		{A58A0D7A-97AC-40C0-9FF3-97146C47FDAD}.Debug|x64.ActiveCfg = Debug|Any CPU
		{A58A0D7A-97AC-40C0-9FF3-97146C47FDAD}.Debug|x64.Build.0 = Debug|Any CPU
		{A58A0D7A-97AC-40C0-9FF3-97146C47FDAD}.Debug|x86.ActiveCfg = Debug|Any CPU
		{A58A0D7A-97AC-40C0-9FF3-97146C47FDAD}.Debug|x86.Build.0 = Debug|Any CPU
		{A58A0D7A-97AC-40C0-9FF3-97146C47FDAD}.Release|Any CPU.ActiveCfg = Release|Any CPU
		{A58A0D7A-97AC-40C0-9FF3-97146C47FDAD}.Release|Any CPU.Build.0 = Release|Any CPU
		{A58A0D7A-97AC-40C0-9FF3-97146C47FDAD}.Release|iPhone.ActiveCfg = Release|Any CPU
		{A58A0D7A-97AC-40C0-9FF3-97146C47FDAD}.Release|iPhone.Build.0 = Release|Any CPU
		{A58A0D7A-97AC-40C0-9FF3-97146C47FDAD}.Release|iPhoneSimulator.ActiveCfg = Release|Any CPU
		{A58A0D7A-97AC-40C0-9FF3-97146C47FDAD}.Release|iPhoneSimulator.Build.0 = Release|Any CPU
		{A58A0D7A-97AC-40C0-9FF3-97146C47FDAD}.Release|x64.ActiveCfg = Release|Any CPU
		{A58A0D7A-97AC-40C0-9FF3-97146C47FDAD}.Release|x64.Build.0 = Release|Any CPU
		{A58A0D7A-97AC-40C0-9FF3-97146C47FDAD}.Release|x86.ActiveCfg = Release|Any CPU
		{A58A0D7A-97AC-40C0-9FF3-97146C47FDAD}.Release|x86.Build.0 = Release|Any CPU
	EndGlobalSection
	GlobalSection(SolutionProperties) = preSolution
		HideSolutionNode = FALSE
	EndGlobalSection
	GlobalSection(NestedProjects) = preSolution
		{0760352A-6C2D-4F4D-8F9B-05E3FAA74F91} = {D1C1BB1C-3D10-4FBF-B57A-428B318846F4}
		{A9292F2B-50D9-4B58-8E5C-A3AA83FB4BED} = {8202DDB8-391D-4470-A64C-036F0BF2A61D}
		{48E19FF0-143D-42C3-8D89-E42EF7A9449D} = {8202DDB8-391D-4470-A64C-036F0BF2A61D}
		{34977945-DC28-4055-AE31-AFCB0BE0CDA3} = {A9292F2B-50D9-4B58-8E5C-A3AA83FB4BED}
		{4F920460-8A07-4211-8CF3-4756C84B7813} = {A9292F2B-50D9-4B58-8E5C-A3AA83FB4BED}
		{31951B1C-AE16-43F6-B6E6-DAC9B99EC8B2} = {A9292F2B-50D9-4B58-8E5C-A3AA83FB4BED}
		{139EBC02-4A35-435B-9AAD-69518BAFB973} = {C76F789C-444F-4597-BF4B-FF317551320C}
		{F38B4271-E04F-403A-B430-878ED7CE7971} = {C76F789C-444F-4597-BF4B-FF317551320C}
		{37E5BBC8-0A0B-46B7-999B-12EB45813AFC} = {D1C1BB1C-3D10-4FBF-B57A-428B318846F4}
		{3780CAF9-9919-4605-83BD-2861542F3577} = {AB511A56-6EF3-46D4-80F3-474BDC93968F}
		{6014FCBF-3463-4EE5-85AA-CA02AA79845E} = {534E391F-713D-4E4D-AA92-DE89B2D8D0A5}
		{98BAC508-D1F3-45D4-A7F0-BD3BA3B3EE08} = {AB511A56-6EF3-46D4-80F3-474BDC93968F}
		{CA38BEA2-089E-4B55-9F08-5CD64115E882} = {AB511A56-6EF3-46D4-80F3-474BDC93968F}
		{E8267DBD-F92B-41CF-B2B3-377595A8D570} = {AB511A56-6EF3-46D4-80F3-474BDC93968F}
		{5C40ABC5-02AC-4559-987C-81F0535A1302} = {534E391F-713D-4E4D-AA92-DE89B2D8D0A5}
		{4D7FF92F-F42F-4A82-BD2B-425BA985541A} = {534E391F-713D-4E4D-AA92-DE89B2D8D0A5}
		{86122301-68CA-480F-91E1-9D588A30046C} = {534E391F-713D-4E4D-AA92-DE89B2D8D0A5}
		{837CE45D-C7F2-4040-91D3-3E2EFAE577D6} = {D1C1BB1C-3D10-4FBF-B57A-428B318846F4}
		{CE579BE4-97E8-4540-9EBD-655E9E96DF57} = {D1C1BB1C-3D10-4FBF-B57A-428B318846F4}
		{19B3D13A-4B7A-4F85-9C80-F2D03102B719} = {D1C1BB1C-3D10-4FBF-B57A-428B318846F4}
		{3A0EB12C-6E33-4188-8DFF-E3510098FD7D} = {D1C1BB1C-3D10-4FBF-B57A-428B318846F4}
		{0D3714C6-171C-403A-B586-8268FE3BDB39} = {D1C1BB1C-3D10-4FBF-B57A-428B318846F4}
		{EBB4109D-9F7D-4BAC-A8C5-0690ABD642BD} = {D1C1BB1C-3D10-4FBF-B57A-428B318846F4}
		{1EA4DFEC-979E-4209-9C9D-C138A1927FD9} = {D1C1BB1C-3D10-4FBF-B57A-428B318846F4}
		{BEC95233-65C7-4812-BA48-97CB40CF67D4} = {8202DDB8-391D-4470-A64C-036F0BF2A61D}
		{5355F4EA-DBB3-4C4C-B83F-6D6E77EDC0E3} = {AB511A56-6EF3-46D4-80F3-474BDC93968F}
		{A4D96240-E4D3-4115-9BC1-7DEA8153D4DE} = {534E391F-713D-4E4D-AA92-DE89B2D8D0A5}
		{758AFBD2-C313-4DE6-92FD-A74BD368B7E3} = {A9292F2B-50D9-4B58-8E5C-A3AA83FB4BED}
		{A58A0D7A-97AC-40C0-9FF3-97146C47FDAD} = {48E19FF0-143D-42C3-8D89-E42EF7A9449D}
		{AB511A56-6EF3-46D4-80F3-474BDC93968F} = {37E5BBC8-0A0B-46B7-999B-12EB45813AFC}
		{534E391F-713D-4E4D-AA92-DE89B2D8D0A5} = {37E5BBC8-0A0B-46B7-999B-12EB45813AFC}
	EndGlobalSection
	GlobalSection(ExtensibilityGlobals) = postSolution
		SolutionGuid = {06CF3158-9818-42C2-90FC-E484CBB76042}
	EndGlobalSection
EndGlobal
