<Solution>
  <Folder Name="/Doc/">
    <File Path="Docs/DebugiOS.md" />
    <File Path="Docs/InstallMacOS.md" />
    <File Path="Docs/Estructura.md" />
  </Folder>
  <Folder Name="/Orquestation/">
    <Project Path="Orquestation/Nivaes.App.Cross.AppHost/Nivaes.App.Cross.AppHost/Nivaes.App.Cross.AppHost.csproj" />
    <Project Path="Orquestation/Nivaes.App.Cross.AppHost/Nivaes.App.Cross.ServiceDefaults/Nivaes.App.Cross.ServiceDefaults.csproj" />
  </Folder>
  <Folder Name="/Packets/">
    <Project Path="Packets/Nivaes.App.Cross/Nivaes.App.Cross.Pack.csproj" Id="c917988f-2eac-49bb-8a0b-5cde3db68587" />
  </Folder>
  <Folder Name="/Samples/">
    <Project Path="Samples/Nivaes.App.Cross.Sample.AppKit.MacOS/Nivaes.App.Cross.Sample.AppKit.MacOS.csproj" />
    <Project Path="Samples/Nivaes.App.Cross.Sample.Droid/Nivaes.App.Cross.Sample.Droid.csproj">
      <Deploy Solution="Debug|*" />
    </Project>
    <Project Path="Samples/Nivaes.App.Cross.Sample.UIKit.iOS/Nivaes.App.Cross.Sample.UIKit.iOS.csproj">
      <Deploy />
    </Project>
    <Project Path="Samples/Nivaes.App.Cross.Sample.UIKit.MacCatalyst/Nivaes.App.Cross.Sample.UIKit.MacCatalyst.csproj">
      <Deploy />
    </Project>
    <Project Path="Samples/Nivaes.App.Cross.Sample.UIKit/Nivaes.App.Cross.Sample.UIKit.csproj" />
    <Project Path="Samples/Nivaes.App.Cross.Sample.Web/Nivaes.App.Cross.Sample.Web.Client/Nivaes.App.Cross.Sample.Web.Client.csproj" />
    <Project Path="Samples/Nivaes.App.Cross.Sample.Web/Nivaes.App.Cross.Sample.Web/Nivaes.App.Cross.Sample.Web.csproj" />
    <Project Path="Samples/Nivaes.App.Cross.Sample.WinUI/Nivaes.App.Cross.Sample.WinUI.csproj">
      <Platform Project="x64" />
      <Deploy />
    </Project>
    <Project Path="Samples/Nivaes.App.Cross.Sample/Nivaes.App.Cross.Sample.csproj" />
  </Folder>
  <Folder Name="/Solution Items/">
    <File Path=".editorconfig" />
    <File Path=".gitattributes" />
    <File Path=".gitignore" />
    <File Path="Directory.Build.props" />
    <File Path="Directory.Build.targets" />
    <File Path="Directory.Packages.props" />
    <File Path="global.json" />
    <File Path="README.md" />
  </Folder>
  <Folder Name="/Solution Items/.github/">
    <File Path=".github/dependabot.yml" />
    <File Path=".github/NuGet.config" />
  </Folder>
  <Folder Name="/Solution Items/.github/actions/" />
  <Folder Name="/Solution Items/.github/actions/setup-android/">
    <File Path=".github/actions/setup-android/action.yaml" />
  </Folder>
  <Folder Name="/Solution Items/.github/actions/setup-core/">
    <File Path=".github/actions/setup-core/action.yaml" />
  </Folder>
  <Folder Name="/Solution Items/.github/actions/setup-PWA/">
    <File Path=".github/actions/setup-PWA/action.yaml" />
  </Folder>
  <Folder Name="/Solution Items/.github/actions/setup-winui/">
    <File Path=".github/actions/setup-winui/action.yaml" />
  </Folder>
  <Folder Name="/Solution Items/.github/actions/setup-xcode/">
    <File Path=".github/actions/setup-xcode/action.yaml" />
  </Folder>
  <Folder Name="/Solution Items/.github/workflows/">
    <File Path=".github/workflows/build_release.yaml" />
    <File Path=".github/workflows/ci.yaml" />
    <File Path=".github/workflows/delete-old-runs.yaml" />
    <File Path=".github/workflows/publish_release.yaml" />
    <File Path=".github/workflows/workflow_call_build_android.yaml" />
    <File Path=".github/workflows/workflow_call_build_android_sample.yaml" />
    <File Path=".github/workflows/workflow_call_build_core.yaml" />
    <File Path=".github/workflows/workflow_call_build_ios.yaml" />
    <File Path=".github/workflows/workflow_call_build_ios_sample.yaml" />
    <File Path=".github/workflows/workflow_call_build_macos.yaml" />
    <File Path=".github/workflows/workflow_call_build_macos_sample.yaml" />
    <File Path=".github/workflows/workflow_call_build_PWA.yaml" />
    <File Path=".github/workflows/workflow_call_build_PWA_sample.yaml" />
    <File Path=".github/workflows/workflow_call_build_winui.yaml" />
    <File Path=".github/workflows/workflow_call_build_winui_sample.yaml" />
  </Folder>
  <Folder Name="/Sources/">
    <Project Path="Sources/Nivaes.App.Cross.SourceGenerator/Nivaes.App.Cross.SourceGenerator.csproj" />
    <Project Path="Sources/Nivaes.App.Cross/Nivaes.App.Cross.csproj" />
  </Folder>
  <Folder Name="/Sources/AppKit/">
    <Project Path="Sources/Nivaes.App.Cross.AppKit.SourceGenerator/Nivaes.App.Cross.AppKit.SourceGenerator.csproj" />
    <Project Path="Sources/Nivaes.App.Cross.AppKit/Nivaes.App.Cross.AppKit.csproj" />
  </Folder>
  <Folder Name="/Sources/Droid/">
    <Project Path="Sources/Nivaes.App.Cross.Droid.SourceGenerator/Nivaes.App.Cross.Droid.SourceGenerator.csproj" />
    <Project Path="Sources/Nivaes.App.Cross.Droid/Nivaes.App.Cross.Droid.csproj" />
  </Folder>
  <Folder Name="/Sources/PWA/">
    <Project Path="Sources/Nivaes.App.Cross.PWA.SourceGenerator/Nivaes.App.Cross.PWA.SourceGenerator.csproj" />
    <Project Path="Sources/Nivaes.App.Cross.PWA/Nivaes.App.Cross.PWA.csproj" />
  </Folder>
  <Folder Name="/Sources/UIKit/">
    <Project Path="Sources/Nivaes.App.Cross.UIKit.SourceGenerator/Nivaes.App.Cross.UIKit.SourceGenerator.csproj" />
    <Project Path="Sources/Nivaes.App.Cross.UIKit/Nivaes.App.Cross.UIKit.csproj" />
  </Folder>
  <Folder Name="/Sources/WinUI/">
    <Project Path="Sources/Nivaes.App.Cross.WinUI.SourceGenerator/Nivaes.App.Cross.WinUI.SourceGenerator.csproj" />
    <Project Path="Sources/Nivaes.App.Cross.WinUI/Nivaes.App.Cross.WinUI.csproj">
      <Platform Solution="Debug|*" Project="x64" />
    </Project>
  </Folder>
  <Folder Name="/Tools/" />
</Solution>
