{
  "version": 2,
  "dependencies": {
    "net10.0-maccatalyst26.0": {
      "AsyncFixer": {
        "type": "Direct",
        "requested": "[2.1.0, )",
        "resolved": "2.1.0",
        "contentHash": "OOHNlH7GF39qk0Pv4cIQWA99hUh3nujDgGE2nADPpw88lD7s2qwlxEhuJIBfstC8ng3B1yY6SQy2JW/tddlMAQ=="
      },
      "Microsoft.CodeAnalysis.NetAnalyzers": {
        "type": "Direct",
        "requested": "[10.0.302, )",
        "resolved": "10.0.302",
        "contentHash": "mbJSf5EOYkgnPQ0jO0qo4AByQYDGbBZDs0+23xdkK2ckuvYJGlPT1nPR0WCSnzwXdiVypOTZ4ArcT4H/X/f1mQ=="
      },
      "Microsoft.NET.ILLink.Tasks": {
        "type": "Direct",
        "requested": "[10.0.11, )",
        "resolved": "10.0.11",
        "contentHash": "IBf7lbovvjGWVWXZX5cJ/cO0WXbId0Zq4BuSeT94mGZuOAP66oMeH9PTBZ9Jpp3Jb6jtK0qm/NyUbPRo1gC/wQ=="
      },
      "Roslynator.Analyzers": {
        "type": "Direct",
        "requested": "[4.15.0, )",
        "resolved": "4.15.0",
        "contentHash": "E8fu71Y+vzhniJKy1K13Rzwm8Vjcj7CDFBpflqncKUZfc3SzuF0kMBiyMmgXNPkjWTdE3Z+30HlGgYjHONZY/Q=="
      },
      "SonarAnalyzer.CSharp": {
        "type": "Direct",
        "requested": "[10.31.0.145097, )",
        "resolved": "10.31.0.145097",
        "contentHash": "Kz/B+7NsmSaRgHWdd9exXHLFNAS9Dt1LmLqwiAdUHybV/z/stcOFlaGSzflekLMu7hVog0aUek2ihTiFlu06Zw=="
      },
      "Microsoft.CodeAnalysis.Common": {
        "type": "Transitive",
        "resolved": "5.6.0",
        "contentHash": "eWYNB5e92PSdkQ0xcmy2aLtrvBXNydnVi0Hj/VjaAely6XBqA3By+ClGAJaj4d16pzQmrXPLLK9RDVuS1Ec9xQ==",
        "dependencies": {
          "Microsoft.CodeAnalysis.Analyzers": "5.3.0"
        }
      },
      "Microsoft.Extensions.Configuration": {
        "type": "Transitive",
        "resolved": "10.0.10",
        "contentHash": "plJWK2zpWuuyxI8F8s2scx6Je7N1Ajjs6HvYUGKwRnDMWIVIz9FHwAkiT7ASgrvAOd10T0FPVlh9BzAJJME+jg==",
        "dependencies": {
          "Microsoft.Extensions.Configuration.Abstractions": "10.0.10",
          "Microsoft.Extensions.Primitives": "10.0.10"
        }
      },
      "Microsoft.Extensions.Configuration.Abstractions": {
        "type": "Transitive",
        "resolved": "10.0.10",
        "contentHash": "5Vnd2I75DmZCVEjSynIdJ/0EGafgnLQwgR3t2C2/fkjx/nRG+cLwxLLdInoHeCEpkD5K4Ov/g9ZCRYrl4TRsaA==",
        "dependencies": {
          "Microsoft.Extensions.Primitives": "10.0.10"
        }
      },
      "Microsoft.Extensions.Configuration.Binder": {
        "type": "Transitive",
        "resolved": "10.0.10",
        "contentHash": "GqmN2o1CkJvk7uWp+p4CwBYW0w/zfoEbvsiFDbO2G8l1Uz+mrDAbAcZiXhU2lufKPby1cjAUdd5GTWpebYOkOA==",
        "dependencies": {
          "Microsoft.Extensions.Configuration": "10.0.10",
          "Microsoft.Extensions.Configuration.Abstractions": "10.0.10"
        }
      },
      "Microsoft.Extensions.Configuration.EnvironmentVariables": {
        "type": "Transitive",
        "resolved": "10.0.0",
        "contentHash": "TmFegsI/uCdwMBD4yKpmO+OkjVNHQL49Dh/ep83NI5rPUEoBK9OdsJo1zURc1A2FuS/R/Pos3wsTjlyLnguBLA==",
        "dependencies": {
          "Microsoft.Extensions.Configuration": "10.0.0",
          "Microsoft.Extensions.Configuration.Abstractions": "10.0.0"
        }
      },
      "Microsoft.Extensions.DependencyInjection": {
        "type": "Transitive",
        "resolved": "10.0.10",
        "contentHash": "ANyvsgkNBRvcJh2XLgn8veGmajf+8m0AbKK+HPWdRL1yraSNVVSmQhFntLtdz/C795jxqqup+k05cs/3jZQPOA==",
        "dependencies": {
          "Microsoft.Extensions.DependencyInjection.Abstractions": "10.0.10"
        }
      },
      "Microsoft.Extensions.DependencyInjection.Abstractions": {
        "type": "Transitive",
        "resolved": "10.0.10",
        "contentHash": "z/2xXlFw2aLGjHyEm6E0tQ+In6VfzQzTrtArbQ2c0TQE16ZbyDCMGPvaUT9I0s8rgy9sRWlU2P9waW37qV04qA=="
      },
      "Microsoft.Extensions.Diagnostics.Abstractions": {
        "type": "Transitive",
        "resolved": "10.0.10",
        "contentHash": "9uWiKpeOVac355STyChWR/pliFX/5CeLqChW9kKsaxyDH4EUTZxMkT4Jwp/J/peLm0GBFmSX5c0WCse3yCnq1Q==",
        "dependencies": {
          "Microsoft.Extensions.DependencyInjection.Abstractions": "10.0.10",
          "Microsoft.Extensions.Options": "10.0.10"
        }
      },
      "Microsoft.Extensions.FileProviders.Abstractions": {
        "type": "Transitive",
        "resolved": "10.0.10",
        "contentHash": "c5zqFCY9DiIpMovLd7/d/CTiEtrMOuQ639dhv3PABtKQIKNQikSHwQt8+N679uii9q+B55lgK28Uv64FOwEu8w==",
        "dependencies": {
          "Microsoft.Extensions.Primitives": "10.0.10"
        }
      },
      "Microsoft.Extensions.Logging.Configuration": {
        "type": "Transitive",
        "resolved": "10.0.10",
        "contentHash": "cLrqxkuEfcilZ8SjK+9KAnpLk9lOoMPaOokF+wRUYie+iUEcdX4/p/+gJkt0BYgWLthjpBUCkVTBI6Kxg0nsOw==",
        "dependencies": {
          "Microsoft.Extensions.Configuration": "10.0.10",
          "Microsoft.Extensions.Configuration.Abstractions": "10.0.10",
          "Microsoft.Extensions.Configuration.Binder": "10.0.10",
          "Microsoft.Extensions.DependencyInjection.Abstractions": "10.0.10",
          "Microsoft.Extensions.Logging": "10.0.10",
          "Microsoft.Extensions.Logging.Abstractions": "10.0.10",
          "Microsoft.Extensions.Options": "10.0.10",
          "Microsoft.Extensions.Options.ConfigurationExtensions": "10.0.10"
        }
      },
      "Microsoft.Extensions.Options": {
        "type": "Transitive",
        "resolved": "10.0.10",
        "contentHash": "srnhnk7nE8krBiIXp71LvBmKBtraBONWSRzdjJgRv1Ko9Mp8IVNqv4vIS9hGeVteBig8aQkva9ZG+sC+o5sVcA==",
        "dependencies": {
          "Microsoft.Extensions.DependencyInjection.Abstractions": "10.0.10",
          "Microsoft.Extensions.Primitives": "10.0.10"
        }
      },
      "Microsoft.Extensions.Options.ConfigurationExtensions": {
        "type": "Transitive",
        "resolved": "10.0.10",
        "contentHash": "tnBmu/LwF25ZQK+HBNCu2xrwnkKoB/XEbJyooGGoYxHrhvxbSKi7eOFiJ4AXBy/QU4vtCvCJfoi8k9Ej72qzOQ==",
        "dependencies": {
          "Microsoft.Extensions.Configuration.Abstractions": "10.0.10",
          "Microsoft.Extensions.Configuration.Binder": "10.0.10",
          "Microsoft.Extensions.DependencyInjection.Abstractions": "10.0.10",
          "Microsoft.Extensions.Options": "10.0.10",
          "Microsoft.Extensions.Primitives": "10.0.10"
        }
      },
      "Microsoft.Extensions.Primitives": {
        "type": "Transitive",
        "resolved": "10.0.10",
        "contentHash": "5wu/GrYVd8mG2DVUw3vFJzF+O336TyTGg/Kmcgw9bfwYhCoFiV5lR5QeEmKecJyrW4W54nMfD3p3589E8a7czQ=="
      },
      "OpenTelemetry.Api": {
        "type": "Transitive",
        "resolved": "1.17.0",
        "contentHash": "mSBxzomZgHIJu9CyVNqyDu/n2JHEtqVgfcCD1Br0cV5iLYogjZOMqhlVLt99PEp+0KGBNUR3GXgeOdN2GR3F9g=="
      },
      "OpenTelemetry.Api.ProviderBuilderExtensions": {
        "type": "Transitive",
        "resolved": "1.17.0",
        "contentHash": "Xgc3Qf9B9TFMFpx6exTdGqMWuYIT2miNzkdMPutVvT9YuMFaEovXWke1Gb6z8NxYaQbbGF38vYLuSg1JCeui5Q==",
        "dependencies": {
          "Microsoft.Extensions.DependencyInjection.Abstractions": "10.0.0",
          "OpenTelemetry.Api": "1.17.0"
        }
      },
      "Nivaes.App.Cross.Core": {
        "type": "Project",
        "dependencies": {
          "Microsoft.Extensions.Hosting.Abstractions": "[10.0.10, )",
          "Microsoft.Extensions.Logging.Abstractions": "[10.0.10, )",
          "Nivaes.App.Secrets": "[0.1.5, )",
          "OpenTelemetry": "[1.17.0, )"
        }
      },
      "nivaes.app.cross.sample": {
        "type": "Project",
        "dependencies": {
          "Microsoft.Extensions.Logging": "[10.0.10, )",
          "Microsoft.Extensions.Logging.Console": "[10.0.10, )",
          "Microsoft.Extensions.Logging.Debug": "[10.0.10, )",
          "Nivaes.App.Cross.Core": "[1.0.0, )",
          "OpenTelemetry": "[1.17.0, )",
          "OpenTelemetry.Exporter.Console": "[1.17.0, )",
          "OpenTelemetry.Exporter.OpenTelemetryProtocol": "[1.17.0, )",
          "OpenTelemetry.Extensions.Hosting": "[1.17.0, )",
          "OpenTelemetry.Instrumentation.Http": "[1.17.0, )",
          "OpenTelemetry.Instrumentation.Runtime": "[1.17.0, )"
        }
      },
      "nivaes.app.cross.sample.uikit": {
        "type": "Project",
        "dependencies": {
          "Microsoft.Extensions.Diagnostics": "[10.0.10, )",
          "Nivaes.App.Cross.Sample": "[1.0.0, )",
          "Nivaes.App.Cross.UIKit": "[1.0.0, )"
        }
      },
      "nivaes.app.cross.uikit": {
        "type": "Project",
        "dependencies": {
          "BTProgressHUD": "[2.3.1, )",
          "Nivaes.App.Cross.Core": "[1.0.0, )",
          "Nivaes.App.Cross.UIKitOS.SourceGenerator": "[1.0.0, )"
        }
      },
      "Nivaes.App.Cross.UIKitOS.SourceGenerator": {
        "type": "Project",
        "dependencies": {
          "Microsoft.CodeAnalysis.CSharp": "[5.6.0, )"
        }
      },
      "BTProgressHUD": {
        "type": "CentralTransitive",
        "requested": "[2.3.1, )",
        "resolved": "2.3.1",
        "contentHash": "6NhcgX2fzdAFMaPwA84LJ6DDnqpSUGE2nHK5T7YY8TTqCUSEfRf0/Y9pn7qk/aC6h+8wufDAP3SI56Cw5pOmyQ=="
      },
      "Microsoft.CodeAnalysis.CSharp": {
        "type": "CentralTransitive",
        "requested": "[5.6.0, )",
        "resolved": "5.6.0",
        "contentHash": "r1DrKQ/L0xTw03wJrLr36AMQNslyaeEKBFyFmQcOKa8HX3YvmhY//JEUafb6IR/m0gmaUVCfBTWitKJRNb7YAA==",
        "dependencies": {
          "Microsoft.CodeAnalysis.Analyzers": "5.3.0",
          "Microsoft.CodeAnalysis.Common": "[5.6.0]"
        }
      },
      "Microsoft.Extensions.Diagnostics": {
        "type": "CentralTransitive",
        "requested": "[10.0.10, )",
        "resolved": "10.0.10",
        "contentHash": "Kr/e7lUf4+N8tacbqJ2Ctwe/HarKdAc9ZkgKVVqvtJDBKbez+T/KnUwu82KSlnBp/SrpBcxc7u7xkE2oUZT/5Q==",
        "dependencies": {
          "Microsoft.Extensions.Configuration": "10.0.10",
          "Microsoft.Extensions.Diagnostics.Abstractions": "10.0.10",
          "Microsoft.Extensions.Options.ConfigurationExtensions": "10.0.10"
        }
      },
      "Microsoft.Extensions.Hosting.Abstractions": {
        "type": "CentralTransitive",
        "requested": "[10.0.10, )",
        "resolved": "10.0.10",
        "contentHash": "5LugpYGHk+mkn0a8IZgcyfBca8PCTAU9RQFoMrTdtOOidq88M2SI5f3px6ugnzgxC+eTkvYYJi8pzlUnG5xdAQ==",
        "dependencies": {
          "Microsoft.Extensions.Configuration.Abstractions": "10.0.10",
          "Microsoft.Extensions.DependencyInjection.Abstractions": "10.0.10",
          "Microsoft.Extensions.Diagnostics.Abstractions": "10.0.10",
          "Microsoft.Extensions.FileProviders.Abstractions": "10.0.10",
          "Microsoft.Extensions.Logging.Abstractions": "10.0.10"
        }
      },
      "Microsoft.Extensions.Logging": {
        "type": "CentralTransitive",
        "requested": "[10.0.10, )",
        "resolved": "10.0.10",
        "contentHash": "Tf6z5HsL0VDYRTfvsoNrTGHGheCwkTsZBA2FFh5ATJUbkAwug+FFNISJK2gjpUNemlAOoWllAK52HOWCjto3EQ==",
        "dependencies": {
          "Microsoft.Extensions.DependencyInjection": "10.0.10",
          "Microsoft.Extensions.Logging.Abstractions": "10.0.10",
          "Microsoft.Extensions.Options": "10.0.10"
        }
      },
      "Microsoft.Extensions.Logging.Abstractions": {
        "type": "CentralTransitive",
        "requested": "[10.0.10, )",
        "resolved": "10.0.10",
        "contentHash": "zkFxGYUvdxAvIKTyXHrmW+Sux53D4SezD9dMyZ6hrwwzPQJNuwCRy1f5W7AvYTqacEGhWF2XderRQG1OvbV8og==",
        "dependencies": {
          "Microsoft.Extensions.DependencyInjection.Abstractions": "10.0.10"
        }
      },
      "Microsoft.Extensions.Logging.Console": {
        "type": "CentralTransitive",
        "requested": "[10.0.10, )",
        "resolved": "10.0.10",
        "contentHash": "VIlNzPwPS0GeQVSmCqqo36ugryX3LpE9ul6gEkks5VLET3weH/XMLeWmclwfoGn4Nxi2mwVibB+OZBVJ9tDqvg==",
        "dependencies": {
          "Microsoft.Extensions.DependencyInjection.Abstractions": "10.0.10",
          "Microsoft.Extensions.Logging": "10.0.10",
          "Microsoft.Extensions.Logging.Abstractions": "10.0.10",
          "Microsoft.Extensions.Logging.Configuration": "10.0.10",
          "Microsoft.Extensions.Options": "10.0.10"
        }
      },
      "Microsoft.Extensions.Logging.Debug": {
        "type": "CentralTransitive",
        "requested": "[10.0.10, )",
        "resolved": "10.0.10",
        "contentHash": "8+TZBnV5fgBXoVNJ5ROSErUwYogk4hOgV7c2HWK1u5cqKGmiUTUn7+KqZ35iQu8e/B7Ykccyz5OTjdXcidNZ9g==",
        "dependencies": {
          "Microsoft.Extensions.DependencyInjection.Abstractions": "10.0.10",
          "Microsoft.Extensions.Logging": "10.0.10",
          "Microsoft.Extensions.Logging.Abstractions": "10.0.10"
        }
      },
      "Nivaes.App.Secrets": {
        "type": "CentralTransitive",
        "requested": "[0.1.5, )",
        "resolved": "0.1.5",
        "contentHash": "BuuGo2uctq4G5QTqbibtHKOWMliUnU7z8iOgvjzdI3gd6GsKBwWeiRyHyEnAVxGGWKXdJnKPCo484r1x+7CZFw=="
      },
      "OpenTelemetry": {
        "type": "CentralTransitive",
        "requested": "[1.17.0, )",
        "resolved": "1.17.0",
        "contentHash": "rMLOTftlMlTm7+MSrvXDHnJRjVkROFNKXHZrYjOsX+LankaFG7QSflx7qRRGjoqZoirohnxmJQ7GEb9occO4Gg==",
        "dependencies": {
          "Microsoft.Extensions.Configuration.EnvironmentVariables": "10.0.0",
          "Microsoft.Extensions.Diagnostics.Abstractions": "10.0.0",
          "Microsoft.Extensions.Logging.Configuration": "10.0.0",
          "OpenTelemetry.Api.ProviderBuilderExtensions": "1.17.0"
        }
      },
      "OpenTelemetry.Exporter.Console": {
        "type": "CentralTransitive",
        "requested": "[1.17.0, )",
        "resolved": "1.17.0",
        "contentHash": "sSoCa2DMCkw7tQabiVduwKWVyg9ungCiwh+0JuDPODF6CuYvR+OCuJwqcbzJsTMecWQrbgL8OYWAt3GC5tJGhw==",
        "dependencies": {
          "OpenTelemetry": "1.17.0"
        }
      },
      "OpenTelemetry.Exporter.OpenTelemetryProtocol": {
        "type": "CentralTransitive",
        "requested": "[1.17.0, )",
        "resolved": "1.17.0",
        "contentHash": "R1omQOrQpGlS0Cp5UIr/TAiuEA48JrPlgr1NPV5gESiTU7HhWU+ILe2EBSYb1fKdsSavZ7nZkHcUxAzofPqr2A==",
        "dependencies": {
          "OpenTelemetry": "1.17.0"
        }
      },
      "OpenTelemetry.Extensions.Hosting": {
        "type": "CentralTransitive",
        "requested": "[1.17.0, )",
        "resolved": "1.17.0",
        "contentHash": "t1OwL/4qgboGMobYVT+UV5zgWnFqCp4Pw8lcsmzh8m2K8PQsTKkyxrC32tqYTMYny3GOW4q5cltE3dTVzLmRew==",
        "dependencies": {
          "Microsoft.Extensions.Hosting.Abstractions": "10.0.0",
          "OpenTelemetry": "1.17.0"
        }
      },
      "OpenTelemetry.Instrumentation.Http": {
        "type": "CentralTransitive",
        "requested": "[1.17.0, )",
        "resolved": "1.17.0",
        "contentHash": "uTwVtxIJ/xB96wGYTaDsbkJVeCFdUxTwvrlDUn2YJixy0UuKc8DvQMzwKNJMTzNFiiyYO9c40id6tUHTmWs33A==",
        "dependencies": {
          "Microsoft.Extensions.Configuration": "10.0.0",
          "Microsoft.Extensions.Options": "10.0.0",
          "OpenTelemetry.Api.ProviderBuilderExtensions": "[1.17.0, 2.0.0)"
        }
      },
      "OpenTelemetry.Instrumentation.Runtime": {
        "type": "CentralTransitive",
        "requested": "[1.17.0, )",
        "resolved": "1.17.0",
        "contentHash": "HyYenisDn/xdtyVXdjImsCl+RNC2gq01N0rvSR7tsYAylXR2sxX/YgMsyTajMXA27+r1vB7lNU8cWRhV0fwL+Q==",
        "dependencies": {
          "OpenTelemetry.Api": "[1.17.0, 2.0.0)"
        }
      }
    },
    "net10.0-maccatalyst26.0/maccatalyst-x64": {}
  }
}